// !$*UTF8*$!
{
	archiveVersion = 1;
	classes = {
	};
	objectVersion = 46;
	objects = {

/* Begin PBXBuildFile section */
		2B2D0C32146815B500C02DF7 /* ARDronePlayerViewController.h in Headers */ = {isa = PBXBuildFile; fileRef = 2B2D0C31146815B500C02DF7 /* ARDronePlayerViewController.h */; };
		2B920E5414614853008A2C71 /* ARDronePlayerViewController.m in Sources */ = {isa = PBXBuildFile; fileRef = 2B920E5114614853008A2C71 /* ARDronePlayerViewController.m */; };
		2BD4219713B8C2020077C902 /* ARDroneAcademy.h in Headers */ = {isa = PBXBuildFile; fileRef = 2BD4219613B8C2020077C902 /* ARDroneAcademy.h */; };
		37BC3F2714A344F0001A81E2 /* ARSlider.h in Headers */ = {isa = PBXBuildFile; fileRef = 37BC3F2514A344F0001A81E2 /* ARSlider.h */; };
		37BC3F2814A344F0001A81E2 /* ARSlider.m in Sources */ = {isa = PBXBuildFile; fileRef = 37BC3F2614A344F0001A81E2 /* ARSlider.m */; };
		37CB76A314A0CE8A00496DF4 /* hardware_capabilites.c in Sources */ = {isa = PBXBuildFile; fileRef = 37CB76A114A0CE8A00496DF4 /* hardware_capabilites.c */; };
		37CB76A414A0CE8A00496DF4 /* hardware_capabilites.h in Headers */ = {isa = PBXBuildFile; fileRef = 37CB76A214A0CE8A00496DF4 /* hardware_capabilites.h */; };
		680BC46F10983EC800F941F4 /* ARDroneProtocols.h in Headers */ = {isa = PBXBuildFile; fileRef = 680BC46D10983EC800F941F4 /* ARDroneProtocols.h */; };
		680BC47010983EC800F941F4 /* ARDrone.h in Headers */ = {isa = PBXBuildFile; fileRef = 680BC46E10983EC800F941F4 /* ARDrone.h */; };
		680BC4C7109840E300F941F4 /* ARDroneEngine_Prefix.pch in Headers */ = {isa = PBXBuildFile; fileRef = 680BC4C6109840E300F941F4 /* ARDroneEngine_Prefix.pch */; };
		680C31351085BDB000C7D327 /* ARDrone.m in Sources */ = {isa = PBXBuildFile; fileRef = 680C31331085BDB000C7D327 /* ARDrone.m */; };
		680C39401087202000C7D327 /* OpenGLES.framework in Frameworks */ = {isa = PBXBuildFile; fileRef = 28FD14FF0DC6FC520079059D /* OpenGLES.framework */; };
		680C39F41087203700C7D327 /* CoreGraphics.framework in Frameworks */ = {isa = PBXBuildFile; fileRef = 689B5A690FB9AD6C0095AB01 /* CoreGraphics.framework */; };
		680C39F51087203700C7D327 /* AudioToolbox.framework in Frameworks */ = {isa = PBXBuildFile; fileRef = 68704E230EADCF5900C45877 /* AudioToolbox.framework */; };
		680C39F61087203700C7D327 /* CoreAudio.framework in Frameworks */ = {isa = PBXBuildFile; fileRef = 68704E240EADCF5900C45877 /* CoreAudio.framework */; };
		680C39F71087203700C7D327 /* QuartzCore.framework in Frameworks */ = {isa = PBXBuildFile; fileRef = 28FD15070DC6FC5B0079059D /* QuartzCore.framework */; };
		680C39F81087203700C7D327 /* UIKit.framework in Frameworks */ = {isa = PBXBuildFile; fileRef = 1DF5F4DF0D08C38300B7A737 /* UIKit.framework */; };
		680C39F91087203700C7D327 /* Foundation.framework in Frameworks */ = {isa = PBXBuildFile; fileRef = 1D30AB110D05D00D00671497 /* Foundation.framework */; };
		68607EF510DB8D27009514CF /* MainViewController.h in Headers */ = {isa = PBXBuildFile; fileRef = 68607EF110DB8D27009514CF /* MainViewController.h */; };
		68607EF610DB8D27009514CF /* MainViewController.m in Sources */ = {isa = PBXBuildFile; fileRef = 68607EF210DB8D27009514CF /* MainViewController.m */; };
		686A12EE10BBDE16003E176D /* InternalProtocols.h in Headers */ = {isa = PBXBuildFile; fileRef = 686A12ED10BBDE16003E176D /* InternalProtocols.h */; };
		6871D839115B5AD900CFEEC8 /* navdata.c in Sources */ = {isa = PBXBuildFile; fileRef = 6871D837115B5AD900CFEEC8 /* navdata.c */; };
		6871D83A115B5AD900CFEEC8 /* navdata.h in Headers */ = {isa = PBXBuildFile; fileRef = 6871D838115B5AD900CFEEC8 /* navdata.h */; };
		6871D83F115B5B0800CFEEC8 /* mobile_main.c in Sources */ = {isa = PBXBuildFile; fileRef = 6871D83D115B5B0800CFEEC8 /* mobile_main.c */; };
		6871D840115B5B0800CFEEC8 /* mobile_main.h in Headers */ = {isa = PBXBuildFile; fileRef = 6871D83E115B5B0800CFEEC8 /* mobile_main.h */; };
		6873906010C7B30F001F305B /* SettingsMenu.m in Sources */ = {isa = PBXBuildFile; fileRef = 6873905E10C7B30F001F305B /* SettingsMenu.m */; };
		6873906110C7B30F001F305B /* SettingsMenu.h in Headers */ = {isa = PBXBuildFile; fileRef = 6873905F10C7B30F001F305B /* SettingsMenu.h */; };
		6873AACC10D1654E001F305B /* HUD.h in Headers */ = {isa = PBXBuildFile; fileRef = 6873AACA10D1654E001F305B /* HUD.h */; };
		6873AACD10D1654E001F305B /* HUD.m in Sources */ = {isa = PBXBuildFile; fileRef = 6873AACB10D1654E001F305B /* HUD.m */; };
		688C4858134A17D8003C4C94 /* wifi.c in Sources */ = {isa = PBXBuildFile; fileRef = 688C4856134A17D8003C4C94 /* wifi.c */; };
		688C4859134A17D8003C4C94 /* wifi.h in Headers */ = {isa = PBXBuildFile; fileRef = 688C4857134A17D8003C4C94 /* wifi.h */; };
		68E5679410E1193400EEB77F /* TVOut.h in Headers */ = {isa = PBXBuildFile; fileRef = 68E5679210E1193400EEB77F /* TVOut.h */; };
		68E5679510E1193400EEB77F /* TVOut.m in Sources */ = {isa = PBXBuildFile; fileRef = 68E5679310E1193400EEB77F /* TVOut.m */; };
		68F0AD8313A7A8A20011DE27 /* ARDroneFTP.h in Headers */ = {isa = PBXBuildFile; fileRef = 68F0AD8213A7A8A20011DE27 /* ARDroneFTP.h */; };
		68F0ADBE13A7A9220011DE27 /* ARDroneFTP.m in Sources */ = {isa = PBXBuildFile; fileRef = 68F0ADBD13A7A9220011DE27 /* ARDroneFTP.m */; };
		800F50E91445D4BB00B08B5A /* video_stage_io_file.h in Headers */ = {isa = PBXBuildFile; fileRef = 800F50E51445D4BB00B08B5A /* video_stage_io_file.h */; };
		800F50EA1445D4BB00B08B5A /* video_stage_io_file.c in Sources */ = {isa = PBXBuildFile; fileRef = 800F50E61445D4BB00B08B5A /* video_stage_io_file.c */; };
		800F50ED1445DA8500B08B5A /* opengl_stage.h in Headers */ = {isa = PBXBuildFile; fileRef = 800F50EB1445DA8500B08B5A /* opengl_stage.h */; };
		800F50EE1445DA8500B08B5A /* opengl_stage.c in Sources */ = {isa = PBXBuildFile; fileRef = 800F50EC1445DA8500B08B5A /* opengl_stage.c */; };
		801C2A1414E5633000DB84B2 /* ARDroneMediaManager.m in Sources */ = {isa = PBXBuildFile; fileRef = 801C2A1314E5633000DB84B2 /* ARDroneMediaManager.m */; };
		801C2A1714E5633A00DB84B2 /* ARDroneMediaManager.h in Headers */ = {isa = PBXBuildFile; fileRef = 801C2A1614E5633A00DB84B2 /* ARDroneMediaManager.h */; };
		804D29E413FBF85800FEDD10 /* quicktime_encoder_stage.h in Headers */ = {isa = PBXBuildFile; fileRef = 804D29E213FBF85800FEDD10 /* quicktime_encoder_stage.h */; };
		804D29E513FBF85800FEDD10 /* quicktime_encoder_stage.m in Sources */ = {isa = PBXBuildFile; fileRef = 804D29E313FBF85800FEDD10 /* quicktime_encoder_stage.m */; };
		8065A3D413C5FFAB003E3710 /* AVFoundation.framework in Frameworks */ = {isa = PBXBuildFile; fileRef = 8065A3D313C5FFAB003E3710 /* AVFoundation.framework */; };
		8065A3E813C61BB0003E3710 /* CoreMedia.framework in Frameworks */ = {isa = PBXBuildFile; fileRef = 8065A3E713C61BB0003E3710 /* CoreMedia.framework */; };
		8065A3EE13C61C4B003E3710 /* CoreVideo.framework in Frameworks */ = {isa = PBXBuildFile; fileRef = 8065A3ED13C61C4B003E3710 /* CoreVideo.framework */; };
		80B0052F13B8AAB200687081 /* ARDroneAcademy.m in Sources */ = {isa = PBXBuildFile; fileRef = 80B0052D13B8AAB200687081 /* ARDroneAcademy.m */; };
		80D69AC6149615C5005AD03C /* ARDroneMotionManager.m in Sources */ = {isa = PBXBuildFile; fileRef = 80D69AC5149615C5005AD03C /* ARDroneMotionManager.m */; };
		80D69AC8149615D1005AD03C /* ARDroneMotionManager.h in Headers */ = {isa = PBXBuildFile; fileRef = 80D69AC7149615D1005AD03C /* ARDroneMotionManager.h */; };
		80D7833A14473515007952C1 /* ARDroneGeneratedCommandIn.h in Headers */ = {isa = PBXBuildFile; fileRef = 80D7833914473515007952C1 /* ARDroneGeneratedCommandIn.h */; };
		8A1298EB12521ECE0007A8C2 /* ARDroneGeneratedTypes.h in Headers */ = {isa = PBXBuildFile; fileRef = 8A1298EA12521ECE0007A8C2 /* ARDroneGeneratedTypes.h */; };
		8A43A6DF134A0DE1002D2D0C /* ConstantsAndMacros.h in Headers */ = {isa = PBXBuildFile; fileRef = 8A43A6DE134A0DE1002D2D0C /* ConstantsAndMacros.h */; };
		8A505180130D2E3600069A9C /* SystemConfiguration.framework in Frameworks */ = {isa = PBXBuildFile; fileRef = 8A50517F130D2E3600069A9C /* SystemConfiguration.framework */; };
		8A5D9BDA110473C600D4D1BC /* ControlData.h in Headers */ = {isa = PBXBuildFile; fileRef = 8A5D9BD8110473C600D4D1BC /* ControlData.h */; };
		8A5D9BDB110473C600D4D1BC /* ControlData.c in Sources */ = {isa = PBXBuildFile; fileRef = 8A5D9BD9110473C600D4D1BC /* ControlData.c */; };
		8A774EA611A683B500F76B86 /* ARDroneTypes.h in Headers */ = {isa = PBXBuildFile; fileRef = 8A774EA511A683B500F76B86 /* ARDroneTypes.h */; };
		8AB1CAE9122D1F2B009B965D /* CoreMotion.framework in Frameworks */ = {isa = PBXBuildFile; fileRef = 8AB1CAE8122D1F2B009B965D /* CoreMotion.framework */; settings = {ATTRIBUTES = (Weak, ); }; };
/* End PBXBuildFile section */

/* Begin PBXCopyFilesBuildPhase section */
		6871E05C1160B25D00CFEEC8 /* CopyFiles */ = {
			isa = PBXCopyFilesBuildPhase;
			buildActionMask = 2147483647;
			dstPath = "";
			dstSubfolderSpec = 12;
			files = (
			);
			runOnlyForDeploymentPostprocessing = 0;
		};
/* End PBXCopyFilesBuildPhase section */

/* Begin PBXFileReference section */
		1D30AB110D05D00D00671497 /* Foundation.framework */ = {isa = PBXFileReference; lastKnownFileType = wrapper.framework; name = Foundation.framework; path = System/Library/Frameworks/Foundation.framework; sourceTree = SDKROOT; };
		1DF5F4DF0D08C38300B7A737 /* UIKit.framework */ = {isa = PBXFileReference; lastKnownFileType = wrapper.framework; name = UIKit.framework; path = System/Library/Frameworks/UIKit.framework; sourceTree = SDKROOT; };
		28FD14FF0DC6FC520079059D /* OpenGLES.framework */ = {isa = PBXFileReference; lastKnownFileType = wrapper.framework; name = OpenGLES.framework; path = System/Library/Frameworks/OpenGLES.framework; sourceTree = SDKROOT; };
		28FD15070DC6FC5B0079059D /* QuartzCore.framework */ = {isa = PBXFileReference; lastKnownFileType = wrapper.framework; name = QuartzCore.framework; path = System/Library/Frameworks/QuartzCore.framework; sourceTree = SDKROOT; };
		2B2D0C31146815B500C02DF7 /* ARDronePlayerViewController.h */ = {isa = PBXFileReference; fileEncoding = 4; lastKnownFileType = sourcecode.c.h; name = ARDronePlayerViewController.h; path = Release/ARDronePlayerViewController.h; sourceTree = SOURCE_ROOT; };
		2B920E5114614853008A2C71 /* ARDronePlayerViewController.m */ = {isa = PBXFileReference; fileEncoding = 4; lastKnownFileType = sourcecode.c.objc; path = ARDronePlayerViewController.m; sourceTree = "<group>"; };
		2BD4219613B8C2020077C902 /* ARDroneAcademy.h */ = {isa = PBXFileReference; fileEncoding = 4; lastKnownFileType = sourcecode.c.h; name = ARDroneAcademy.h; path = Release/ARDroneAcademy.h; sourceTree = "<group>"; };
		37BC3F2514A344F0001A81E2 /* ARSlider.h */ = {isa = PBXFileReference; fileEncoding = 4; lastKnownFileType = sourcecode.c.h; name = ARSlider.h; path = Classes/ARSlider.h; sourceTree = "<group>"; };
		37BC3F2614A344F0001A81E2 /* ARSlider.m */ = {isa = PBXFileReference; fileEncoding = 4; lastKnownFileType = sourcecode.c.objc; name = ARSlider.m; path = Classes/ARSlider.m; sourceTree = "<group>"; };
		37CB76A114A0CE8A00496DF4 /* hardware_capabilites.c */ = {isa = PBXFileReference; fileEncoding = 4; lastKnownFileType = sourcecode.c.c; name = hardware_capabilites.c; path = Classes/hardware_capabilites.c; sourceTree = "<group>"; };
		37CB76A214A0CE8A00496DF4 /* hardware_capabilites.h */ = {isa = PBXFileReference; fileEncoding = 4; lastKnownFileType = sourcecode.c.h; name = hardware_capabilites.h; path = Classes/hardware_capabilites.h; sourceTree = "<group>"; };
		680BC46D10983EC800F941F4 /* ARDroneProtocols.h */ = {isa = PBXFileReference; fileEncoding = 4; lastKnownFileType = sourcecode.c.h; name = ARDroneProtocols.h; path = Release/ARDroneProtocols.h; sourceTree = "<group>"; };
		680BC46E10983EC800F941F4 /* ARDrone.h */ = {isa = PBXFileReference; fileEncoding = 4; lastKnownFileType = sourcecode.c.h; name = ARDrone.h; path = Release/ARDrone.h; sourceTree = "<group>"; };
		680BC4C5109840DA00F941F4 /* libARDroneEngine.a */ = {isa = PBXFileReference; explicitFileType = archive.ar; includeInIndex = 0; path = libARDroneEngine.a; sourceTree = BUILT_PRODUCTS_DIR; };
		680BC4C6109840E300F941F4 /* ARDroneEngine_Prefix.pch */ = {isa = PBXFileReference; fileEncoding = 4; lastKnownFileType = sourcecode.c.h; path = ARDroneEngine_Prefix.pch; sourceTree = "<group>"; };
		680C31331085BDB000C7D327 /* ARDrone.m */ = {isa = PBXFileReference; fileEncoding = 4; lastKnownFileType = sourcecode.c.objc; name = ARDrone.m; path = Classes/ARDrone.m; sourceTree = "<group>"; };
		68607EF110DB8D27009514CF /* MainViewController.h */ = {isa = PBXFileReference; fileEncoding = 4; lastKnownFileType = sourcecode.c.h; path = MainViewController.h; sourceTree = "<group>"; };
		68607EF210DB8D27009514CF /* MainViewController.m */ = {isa = PBXFileReference; fileEncoding = 4; lastKnownFileType = sourcecode.c.objc; path = MainViewController.m; sourceTree = "<group>"; };
		686A12ED10BBDE16003E176D /* InternalProtocols.h */ = {isa = PBXFileReference; fileEncoding = 4; lastKnownFileType = sourcecode.c.h; name = InternalProtocols.h; path = Classes/InternalProtocols.h; sourceTree = "<group>"; };
		68704E230EADCF5900C45877 /* AudioToolbox.framework */ = {isa = PBXFileReference; lastKnownFileType = wrapper.framework; name = AudioToolbox.framework; path = System/Library/Frameworks/AudioToolbox.framework; sourceTree = SDKROOT; };
		68704E240EADCF5900C45877 /* CoreAudio.framework */ = {isa = PBXFileReference; lastKnownFileType = wrapper.framework; name = CoreAudio.framework; path = System/Library/Frameworks/CoreAudio.framework; sourceTree = SDKROOT; };
		6871D837115B5AD900CFEEC8 /* navdata.c */ = {isa = PBXFileReference; fileEncoding = 4; lastKnownFileType = sourcecode.c.c; path = navdata.c; sourceTree = "<group>"; };
		6871D838115B5AD900CFEEC8 /* navdata.h */ = {isa = PBXFileReference; fileEncoding = 4; lastKnownFileType = sourcecode.c.h; path = navdata.h; sourceTree = "<group>"; };
		6871D83D115B5B0800CFEEC8 /* mobile_main.c */ = {isa = PBXFileReference; fileEncoding = 4; lastKnownFileType = sourcecode.c.c; name = mobile_main.c; path = Classes/mobile_main.c; sourceTree = "<group>"; };
		6871D83E115B5B0800CFEEC8 /* mobile_main.h */ = {isa = PBXFileReference; fileEncoding = 4; lastKnownFileType = sourcecode.c.h; lineEnding = 0; name = mobile_main.h; path = Classes/mobile_main.h; sourceTree = "<group>"; xcLanguageSpecificationIdentifier = xcode.lang.objcpp; };
		6873905E10C7B30F001F305B /* SettingsMenu.m */ = {isa = PBXFileReference; fileEncoding = 4; lastKnownFileType = sourcecode.c.objc; path = SettingsMenu.m; sourceTree = "<group>"; };
		6873905F10C7B30F001F305B /* SettingsMenu.h */ = {isa = PBXFileReference; fileEncoding = 4; lastKnownFileType = sourcecode.c.h; path = SettingsMenu.h; sourceTree = "<group>"; };
		6873AACA10D1654E001F305B /* HUD.h */ = {isa = PBXFileReference; fileEncoding = 4; lastKnownFileType = sourcecode.c.h; path = HUD.h; sourceTree = "<group>"; };
		6873AACB10D1654E001F305B /* HUD.m */ = {isa = PBXFileReference; fileEncoding = 4; lastKnownFileType = sourcecode.c.objc; path = HUD.m; sourceTree = "<group>"; };
		688C4856134A17D8003C4C94 /* wifi.c */ = {isa = PBXFileReference; fileEncoding = 4; lastKnownFileType = sourcecode.c.c; name = wifi.c; path = Classes/wifi.c; sourceTree = "<group>"; };
		688C4857134A17D8003C4C94 /* wifi.h */ = {isa = PBXFileReference; fileEncoding = 4; lastKnownFileType = sourcecode.c.h; name = wifi.h; path = Classes/wifi.h; sourceTree = "<group>"; };
		689B5A690FB9AD6C0095AB01 /* CoreGraphics.framework */ = {isa = PBXFileReference; lastKnownFileType = wrapper.framework; name = CoreGraphics.framework; path = System/Library/Frameworks/CoreGraphics.framework; sourceTree = SDKROOT; };
		68E5679210E1193400EEB77F /* TVOut.h */ = {isa = PBXFileReference; fileEncoding = 4; lastKnownFileType = sourcecode.c.h; name = TVOut.h; path = Classes/Hide/TVOut.h; sourceTree = "<group>"; };
		68E5679310E1193400EEB77F /* TVOut.m */ = {isa = PBXFileReference; fileEncoding = 4; lastKnownFileType = sourcecode.c.objc; name = TVOut.m; path = Classes/Hide/TVOut.m; sourceTree = "<group>"; };
		68F0AD8213A7A8A20011DE27 /* ARDroneFTP.h */ = {isa = PBXFileReference; fileEncoding = 4; lastKnownFileType = sourcecode.c.h; name = ARDroneFTP.h; path = Release/ARDroneFTP.h; sourceTree = "<group>"; };
		68F0ADBD13A7A9220011DE27 /* ARDroneFTP.m */ = {isa = PBXFileReference; fileEncoding = 4; lastKnownFileType = sourcecode.c.objc; name = ARDroneFTP.m; path = Classes/ARDroneFTP.m; sourceTree = "<group>"; };
		800F50E51445D4BB00B08B5A /* video_stage_io_file.h */ = {isa = PBXFileReference; fileEncoding = 4; lastKnownFileType = sourcecode.c.h; name = video_stage_io_file.h; path = Classes/video_stage_io_file.h; sourceTree = "<group>"; };
		800F50E61445D4BB00B08B5A /* video_stage_io_file.c */ = {isa = PBXFileReference; fileEncoding = 4; lastKnownFileType = sourcecode.c.c; name = video_stage_io_file.c; path = Classes/video_stage_io_file.c; sourceTree = "<group>"; };
		800F50EB1445DA8500B08B5A /* opengl_stage.h */ = {isa = PBXFileReference; fileEncoding = 4; lastKnownFileType = sourcecode.c.h; name = opengl_stage.h; path = Classes/opengl_stage.h; sourceTree = "<group>"; };
		800F50EC1445DA8500B08B5A /* opengl_stage.c */ = {isa = PBXFileReference; fileEncoding = 4; lastKnownFileType = sourcecode.c.c; name = opengl_stage.c; path = Classes/opengl_stage.c; sourceTree = "<group>"; };
		801C2A1314E5633000DB84B2 /* ARDroneMediaManager.m */ = {isa = PBXFileReference; fileEncoding = 4; lastKnownFileType = sourcecode.c.objc; name = ARDroneMediaManager.m; path = Classes/ARDroneMediaManager.m; sourceTree = "<group>"; };
		801C2A1614E5633A00DB84B2 /* ARDroneMediaManager.h */ = {isa = PBXFileReference; fileEncoding = 4; lastKnownFileType = sourcecode.c.h; name = ARDroneMediaManager.h; path = Release/ARDroneMediaManager.h; sourceTree = "<group>"; };
		804D29E213FBF85800FEDD10 /* quicktime_encoder_stage.h */ = {isa = PBXFileReference; fileEncoding = 4; lastKnownFileType = sourcecode.c.h; name = quicktime_encoder_stage.h; path = Classes/quicktime_encoder_stage.h; sourceTree = "<group>"; };
		804D29E313FBF85800FEDD10 /* quicktime_encoder_stage.m */ = {isa = PBXFileReference; fileEncoding = 4; lastKnownFileType = sourcecode.c.objc; name = quicktime_encoder_stage.m; path = Classes/quicktime_encoder_stage.m; sourceTree = "<group>"; };
		8065A3D313C5FFAB003E3710 /* AVFoundation.framework */ = {isa = PBXFileReference; lastKnownFileType = wrapper.framework; name = AVFoundation.framework; path = System/Library/Frameworks/AVFoundation.framework; sourceTree = SDKROOT; };
		8065A3E713C61BB0003E3710 /* CoreMedia.framework */ = {isa = PBXFileReference; lastKnownFileType = wrapper.framework; name = CoreMedia.framework; path = System/Library/Frameworks/CoreMedia.framework; sourceTree = SDKROOT; };
		8065A3ED13C61C4B003E3710 /* CoreVideo.framework */ = {isa = PBXFileReference; lastKnownFileType = wrapper.framework; name = CoreVideo.framework; path = System/Library/Frameworks/CoreVideo.framework; sourceTree = SDKROOT; };
		80B0052D13B8AAB200687081 /* ARDroneAcademy.m */ = {isa = PBXFileReference; fileEncoding = 4; lastKnownFileType = sourcecode.c.objc; lineEnding = 0; name = ARDroneAcademy.m; path = Classes/ARDroneAcademy.m; sourceTree = "<group>"; xcLanguageSpecificationIdentifier = xcode.lang.objc; };
		80D69AC5149615C5005AD03C /* ARDroneMotionManager.m */ = {isa = PBXFileReference; fileEncoding = 4; lastKnownFileType = sourcecode.c.objc; name = ARDroneMotionManager.m; path = Classes/ARDroneMotionManager.m; sourceTree = "<group>"; };
		80D69AC7149615D1005AD03C /* ARDroneMotionManager.h */ = {isa = PBXFileReference; fileEncoding = 4; lastKnownFileType = sourcecode.c.h; name = ARDroneMotionManager.h; path = Release/ARDroneMotionManager.h; sourceTree = "<group>"; };
		80D7833914473515007952C1 /* ARDroneGeneratedCommandIn.h */ = {isa = PBXFileReference; fileEncoding = 4; lastKnownFileType = sourcecode.c.h; name = ARDroneGeneratedCommandIn.h; path = Release/ARDroneGeneratedCommandIn.h; sourceTree = "<group>"; };
		80E1966915384719001F9E23 /* HelveticaNeue-CondensedBold.ttf */ = {isa = PBXFileReference; lastKnownFileType = file; path = "HelveticaNeue-CondensedBold.ttf"; sourceTree = "<group>"; };
		8A1298EA12521ECE0007A8C2 /* ARDroneGeneratedTypes.h */ = {isa = PBXFileReference; fileEncoding = 4; lastKnownFileType = sourcecode.c.h; lineEnding = 0; name = ARDroneGeneratedTypes.h; path = Release/ARDroneGeneratedTypes.h; sourceTree = "<group>"; };
		8A43A6DE134A0DE1002D2D0C /* ConstantsAndMacros.h */ = {isa = PBXFileReference; fileEncoding = 4; lastKnownFileType = sourcecode.c.h; lineEnding = 0; name = ConstantsAndMacros.h; path = Classes/ConstantsAndMacros.h; sourceTree = "<group>"; xcLanguageSpecificationIdentifier = xcode.lang.objcpp; };
		8A50517F130D2E3600069A9C /* SystemConfiguration.framework */ = {isa = PBXFileReference; lastKnownFileType = wrapper.framework; name = SystemConfiguration.framework; path = System/Library/Frameworks/SystemConfiguration.framework; sourceTree = SDKROOT; };
		8A5D9BD8110473C600D4D1BC /* ControlData.h */ = {isa = PBXFileReference; fileEncoding = 4; lastKnownFileType = sourcecode.c.h; name = ControlData.h; path = Classes/ControlData.h; sourceTree = "<group>"; };
		8A5D9BD9110473C600D4D1BC /* ControlData.c */ = {isa = PBXFileReference; fileEncoding = 4; lastKnownFileType = sourcecode.c.c; name = ControlData.c; path = Classes/ControlData.c; sourceTree = "<group>"; };
		8A774EA511A683B500F76B86 /* ARDroneTypes.h */ = {isa = PBXFileReference; fileEncoding = 4; lastKnownFileType = sourcecode.c.h; name = ARDroneTypes.h; path = Release/ARDroneTypes.h; sourceTree = "<group>"; };
		8AB1CAE8122D1F2B009B965D /* CoreMotion.framework */ = {isa = PBXFileReference; lastKnownFileType = wrapper.framework; name = CoreMotion.framework; path = System/Library/Frameworks/CoreMotion.framework; sourceTree = SDKROOT; };
		8ADE8E05138FC91B00337557 /* CopyLibraries.sh */ = {isa = PBXFileReference; fileEncoding = 4; lastKnownFileType = text.script.sh; lineEnding = 0; path = CopyLibraries.sh; sourceTree = "<group>"; xcLanguageSpecificationIdentifier = xcode.lang.sh; };
		FD8BFABA151338E7002378A0 /* ARDronePlayerView-iPad.xib */ = {isa = PBXFileReference; fileEncoding = 4; lastKnownFileType = file.xib; path = "ARDronePlayerView-iPad.xib"; sourceTree = "<group>"; };
		FD8BFABB151338E7002378A0 /* ARDronePlayerView.xib */ = {isa = PBXFileReference; fileEncoding = 4; lastKnownFileType = file.xib; path = ARDronePlayerView.xib; sourceTree = "<group>"; };
		FD8BFABC151338E7002378A0 /* Barre_Bas_iPAD.png */ = {isa = PBXFileReference; lastKnownFileType = image.png; path = Barre_Bas_iPAD.png; sourceTree = "<group>"; };
		FD8BFABD151338E7002378A0 /* Barre_Bas_RETINA.png */ = {isa = PBXFileReference; lastKnownFileType = image.png; path = Barre_Bas_RETINA.png; sourceTree = "<group>"; };
		FD8BFABE151338E7002378A0 /* Barre_Haut RETINA.png */ = {isa = PBXFileReference; lastKnownFileType = image.png; path = "Barre_Haut RETINA.png"; sourceTree = "<group>"; };
		FD8BFABF151338E7002378A0 /* Barre_Haut_iPAD.png */ = {isa = PBXFileReference; lastKnownFileType = image.png; path = Barre_Haut_iPAD.png; sourceTree = "<group>"; };
		FD8BFAC0151338E7002378A0 /* battery.wav */ = {isa = PBXFileReference; lastKnownFileType = audio.wav; path = battery.wav; sourceTree = "<group>"; };
		FD8BFAC1151338E7002378A0 /* Btn_Back_RETINA.png */ = {isa = PBXFileReference; lastKnownFileType = image.png; path = Btn_Back_RETINA.png; sourceTree = "<group>"; };
		FD8BFAC2151338E7002378A0 /* Btn_Battery_0_RETINA.png */ = {isa = PBXFileReference; lastKnownFileType = image.png; path = Btn_Battery_0_RETINA.png; sourceTree = "<group>"; };
		FD8BFAC3151338E7002378A0 /* Btn_Battery_1_RETINA.png */ = {isa = PBXFileReference; lastKnownFileType = image.png; path = Btn_Battery_1_RETINA.png; sourceTree = "<group>"; };
		FD8BFAC4151338E7002378A0 /* Btn_Battery_2_RETINA.png */ = {isa = PBXFileReference; lastKnownFileType = image.png; path = Btn_Battery_2_RETINA.png; sourceTree = "<group>"; };
		FD8BFAC5151338E7002378A0 /* Btn_Battery_3_RETINA.png */ = {isa = PBXFileReference; lastKnownFileType = image.png; path = Btn_Battery_3_RETINA.png; sourceTree = "<group>"; };
		FD8BFAC6151338E7002378A0 /* Btn_Camera_RETINA.png */ = {isa = PBXFileReference; lastKnownFileType = image.png; path = Btn_Camera_RETINA.png; sourceTree = "<group>"; };
		FD8BFAC7151338E7002378A0 /* Btn_Emergency_RETINA.png */ = {isa = PBXFileReference; lastKnownFileType = image.png; path = Btn_Emergency_RETINA.png; sourceTree = "<group>"; };
		FD8BFAC8151338E7002378A0 /* Btn_Landing_RETINA.png */ = {isa = PBXFileReference; lastKnownFileType = image.png; path = Btn_Landing_RETINA.png; sourceTree = "<group>"; };
		FD8BFAC9151338E7002378A0 /* Btn_Photo_RETINA.png */ = {isa = PBXFileReference; lastKnownFileType = image.png; path = Btn_Photo_RETINA.png; sourceTree = "<group>"; };
		FD8BFACA151338E7002378A0 /* Btn_Record_0_RETINA.png */ = {isa = PBXFileReference; lastKnownFileType = image.png; path = Btn_Record_0_RETINA.png; sourceTree = "<group>"; };
		FD8BFACB151338E7002378A0 /* Btn_Record_1_RETINA.png */ = {isa = PBXFileReference; lastKnownFileType = image.png; path = Btn_Record_1_RETINA.png; sourceTree = "<group>"; };
		FD8BFACC151338E7002378A0 /* Btn_Record_2_RETINA.png */ = {isa = PBXFileReference; lastKnownFileType = image.png; path = Btn_Record_2_RETINA.png; sourceTree = "<group>"; };
		FD8BFACD151338E7002378A0 /* Btn_Settings_RETINA.png */ = {isa = PBXFileReference; lastKnownFileType = image.png; path = Btn_Settings_RETINA.png; sourceTree = "<group>"; };
		FD8BFACE151338E7002378A0 /* Btn_Take_Off_RETINA.png */ = {isa = PBXFileReference; lastKnownFileType = image.png; path = Btn_Take_Off_RETINA.png; sourceTree = "<group>"; };
		FD8BFACF151338E7002378A0 /* Btn_USB_RETINA.png */ = {isa = PBXFileReference; lastKnownFileType = image.png; path = Btn_USB_RETINA.png; sourceTree = "<group>"; };
		FD8BFAD0151338E7002378A0 /* Btn_Wi-Fi_0_RETINA.png */ = {isa = PBXFileReference; lastKnownFileType = image.png; path = "Btn_Wi-Fi_0_RETINA.png"; sourceTree = "<group>"; };
		FD8BFAD1151338E7002378A0 /* Btn_Wi-Fi_1_RETINA.png */ = {isa = PBXFileReference; lastKnownFileType = image.png; path = "Btn_Wi-Fi_1_RETINA.png"; sourceTree = "<group>"; };
		FD8BFAD2151338E7002378A0 /* Btn_Wi-Fi_2_RETINA.png */ = {isa = PBXFileReference; lastKnownFileType = image.png; path = "Btn_Wi-Fi_2_RETINA.png"; sourceTree = "<group>"; };
		FD8BFAD3151338E7002378A0 /* Btn_Wi-Fi_3_RETINA.png */ = {isa = PBXFileReference; lastKnownFileType = image.png; path = "Btn_Wi-Fi_3_RETINA.png"; sourceTree = "<group>"; };
		FD8BFAD5151338E7002378A0 /* de */ = {isa = PBXFileReference; lastKnownFileType = text.plist.strings; name = de; path = de.lproj/languages.strings; sourceTree = "<group>"; };
		FD8BFAD6151338E7002378A0 /* en */ = {isa = PBXFileReference; lastKnownFileType = text.plist.strings; name = en; path = en.lproj/languages.strings; sourceTree = "<group>"; };
		FD8BFAD7151338E7002378A0 /* es */ = {isa = PBXFileReference; lastKnownFileType = text.plist.strings; name = es; path = es.lproj/languages.strings; sourceTree = "<group>"; };
		FD8BFAD8151338E7002378A0 /* ff2.0_tips_bar.png */ = {isa = PBXFileReference; lastKnownFileType = image.png; path = ff2.0_tips_bar.png; sourceTree = "<group>"; };
		FD8BFAD9151338E7002378A0 /* fr */ = {isa = PBXFileReference; lastKnownFileType = text.plist.strings; name = fr; path = fr.lproj/languages.strings; sourceTree = "<group>"; };
		FD8BFADD151338E7002378A0 /* Barre_Window.png */ = {isa = PBXFileReference; lastKnownFileType = image.png; path = Barre_Window.png; sourceTree = "<group>"; };
		FD8BFADE151338E7002378A0 /* Picto_Close_Window.png */ = {isa = PBXFileReference; lastKnownFileType = image.png; path = Picto_Close_Window.png; sourceTree = "<group>"; };
		FD8BFADF151338E7002378A0 /* Picto_Warning.png */ = {isa = PBXFileReference; lastKnownFileType = image.png; path = Picto_Warning.png; sourceTree = "<group>"; };
		FD8BFAE0151338E7002378A0 /* it */ = {isa = PBXFileReference; lastKnownFileType = text.plist.strings; name = it; path = it.lproj/languages.strings; sourceTree = "<group>"; };
		FD8BFAE1151338E7002378A0 /* ja */ = {isa = PBXFileReference; lastKnownFileType = text.plist.strings; name = ja; path = ja.lproj/languages.strings; sourceTree = "<group>"; };
		FD8BFAE2151338E7002378A0 /* Joystick_Absolut_Control_iPAD.png */ = {isa = PBXFileReference; lastKnownFileType = image.png; path = Joystick_Absolut_Control_iPAD.png; sourceTree = "<group>"; };
		FD8BFAE3151338E7002378A0 /* Joystick_Absolut_Control_RETINA.png */ = {isa = PBXFileReference; lastKnownFileType = image.png; path = Joystick_Absolut_Control_RETINA.png; sourceTree = "<group>"; };
		FD8BFAE4151338E7002378A0 /* Joystick_Gyro_iPAD.png */ = {isa = PBXFileReference; lastKnownFileType = image.png; path = Joystick_Gyro_iPAD.png; sourceTree = "<group>"; };
		FD8BFAE5151338E7002378A0 /* Joystick_Gyro_RETINA.png */ = {isa = PBXFileReference; lastKnownFileType = image.png; path = Joystick_Gyro_RETINA.png; sourceTree = "<group>"; };
		FD8BFAE6151338E7002378A0 /* Joystick_Halo_iPAD.png */ = {isa = PBXFileReference; lastKnownFileType = image.png; path = Joystick_Halo_iPAD.png; sourceTree = "<group>"; };
		FD8BFAE7151338E7002378A0 /* Joystick_Halo_RETINA.png */ = {isa = PBXFileReference; lastKnownFileType = image.png; path = Joystick_Halo_RETINA.png; sourceTree = "<group>"; };
		FD8BFAE8151338E7002378A0 /* Joystick_Manuel_iPAD.png */ = {isa = PBXFileReference; lastKnownFileType = image.png; path = Joystick_Manuel_iPAD.png; sourceTree = "<group>"; };
		FD8BFAE9151338E7002378A0 /* Joystick_Manuel_RETINA.png */ = {isa = PBXFileReference; lastKnownFileType = image.png; path = Joystick_Manuel_RETINA.png; sourceTree = "<group>"; };
		FD8BFAEA151338E7002378A0 /* nl */ = {isa = PBXFileReference; lastKnownFileType = text.plist.strings; name = nl; path = nl.lproj/languages.strings; sourceTree = "<group>"; };
		FD8BFAEB151338E7002378A0 /* Picto_USB_actif.png */ = {isa = PBXFileReference; lastKnownFileType = image.png; path = Picto_USB_actif.png; sourceTree = "<group>"; };
		FD8BFAEC151338E7002378A0 /* play_icon.png */ = {isa = PBXFileReference; lastKnownFileType = image.png; path = play_icon.png; sourceTree = "<group>"; };
		FD8BFAED151338E7002378A0 /* plop.wav */ = {isa = PBXFileReference; lastKnownFileType = audio.wav; path = plop.wav; sourceTree = "<group>"; };
		FD8BFAEE151338E7002378A0 /* pt */ = {isa = PBXFileReference; lastKnownFileType = text.plist.strings; name = pt; path = pt.lproj/languages.strings; sourceTree = "<group>"; };
		FD8BFAF0151338E7002378A0 /* arrow_left_gray.png */ = {isa = PBXFileReference; lastKnownFileType = image.png; path = arrow_left_gray.png; sourceTree = "<group>"; };
		FD8BFAF1151338E7002378A0 /* arrow_left_gray@2x.png */ = {isa = PBXFileReference; lastKnownFileType = image.png; path = "arrow_left_gray@2x.png"; sourceTree = "<group>"; };
		FD8BFAF2151338E7002378A0 /* arrow_left_orange.png */ = {isa = PBXFileReference; lastKnownFileType = image.png; path = arrow_left_orange.png; sourceTree = "<group>"; };
		FD8BFAF3151338E7002378A0 /* arrow_left_orange@2x.png */ = {isa = PBXFileReference; lastKnownFileType = image.png; path = "arrow_left_orange@2x.png"; sourceTree = "<group>"; };
		FD8BFAF4151338E7002378A0 /* arrow_right_gray.png */ = {isa = PBXFileReference; lastKnownFileType = image.png; path = arrow_right_gray.png; sourceTree = "<group>"; };
		FD8BFAF5151338E7002378A0 /* arrow_right_gray@2x.png */ = {isa = PBXFileReference; lastKnownFileType = image.png; path = "arrow_right_gray@2x.png"; sourceTree = "<group>"; };
		FD8BFAF6151338E7002378A0 /* arrow_right_orange.png */ = {isa = PBXFileReference; lastKnownFileType = image.png; path = arrow_right_orange.png; sourceTree = "<group>"; };
		FD8BFAF7151338E7002378A0 /* arrow_right_orange@2x.png */ = {isa = PBXFileReference; lastKnownFileType = image.png; path = "arrow_right_orange@2x.png"; sourceTree = "<group>"; };
		FD8BFAF8151338E7002378A0 /* Back_Btn_Settings.png */ = {isa = PBXFileReference; lastKnownFileType = image.png; path = Back_Btn_Settings.png; sourceTree = "<group>"; };
		FD8BFAF9151338E7002378A0 /* btn_flat_trim_orange.png */ = {isa = PBXFileReference; lastKnownFileType = image.png; path = btn_flat_trim_orange.png; sourceTree = "<group>"; };
		FD8BFAFA151338E7002378A0 /* btn_flat_trim_orange@2x.png */ = {isa = PBXFileReference; lastKnownFileType = image.png; path = "btn_flat_trim_orange@2x.png"; sourceTree = "<group>"; };
		FD8BFAFB151338E7002378A0 /* btn_flat_trim_white.png */ = {isa = PBXFileReference; lastKnownFileType = image.png; path = btn_flat_trim_white.png; sourceTree = "<group>"; };
		FD8BFAFC151338E7002378A0 /* btn_flat_trim_white@2x.png */ = {isa = PBXFileReference; lastKnownFileType = image.png; path = "btn_flat_trim_white@2x.png"; sourceTree = "<group>"; };
		FD8BFAFD151338E7002378A0 /* Btn_OFF.png */ = {isa = PBXFileReference; lastKnownFileType = image.png; path = Btn_OFF.png; sourceTree = "<group>"; };
		FD8BFAFE151338E7002378A0 /* Btn_ON.png */ = {isa = PBXFileReference; lastKnownFileType = image.png; path = Btn_ON.png; sourceTree = "<group>"; };
		FD8BFAFF151338E7002378A0 /* btn_reset_orange.png */ = {isa = PBXFileReference; lastKnownFileType = image.png; path = btn_reset_orange.png; sourceTree = "<group>"; };
		FD8BFB00151338E7002378A0 /* btn_reset_orange@2x.png */ = {isa = PBXFileReference; lastKnownFileType = image.png; path = "btn_reset_orange@2x.png"; sourceTree = "<group>"; };
		FD8BFB01151338E7002378A0 /* btn_reset_white.png */ = {isa = PBXFileReference; lastKnownFileType = image.png; path = btn_reset_white.png; sourceTree = "<group>"; };
		FD8BFB02151338E7002378A0 /* btn_reset_white@2x.png */ = {isa = PBXFileReference; lastKnownFileType = image.png; path = "btn_reset_white@2x.png"; sourceTree = "<group>"; };
		FD8BFB04151338E7002378A0 /* Horizontal_Bar.png */ = {isa = PBXFileReference; lastKnownFileType = image.png; path = Horizontal_Bar.png; sourceTree = "<group>"; };
		FD8BFB06151338E7002378A0 /* scroll_bar_gray.png */ = {isa = PBXFileReference; lastKnownFileType = image.png; path = scroll_bar_gray.png; sourceTree = "<group>"; };
		FD8BFB07151338E7002378A0 /* scroll_bar_gray@2x.png */ = {isa = PBXFileReference; lastKnownFileType = image.png; path = "scroll_bar_gray@2x.png"; sourceTree = "<group>"; };
		FD8BFB08151338E7002378A0 /* scroll_bar_gray_iPad.png */ = {isa = PBXFileReference; lastKnownFileType = image.png; path = scroll_bar_gray_iPad.png; sourceTree = "<group>"; };
		FD8BFB09151338E7002378A0 /* scroll_bar_orange.png */ = {isa = PBXFileReference; lastKnownFileType = image.png; path = scroll_bar_orange.png; sourceTree = "<group>"; };
		FD8BFB0A151338E7002378A0 /* scroll_bar_orange@2x.png */ = {isa = PBXFileReference; lastKnownFileType = image.png; path = "scroll_bar_orange@2x.png"; sourceTree = "<group>"; };
		FD8BFB0B151338E7002378A0 /* scroll_bar_orange_iPad.png */ = {isa = PBXFileReference; lastKnownFileType = image.png; path = scroll_bar_orange_iPad.png; sourceTree = "<group>"; };
		FD8BFB0C151338E7002378A0 /* scroll_btn.png */ = {isa = PBXFileReference; lastKnownFileType = image.png; path = scroll_btn.png; sourceTree = "<group>"; };
		FD8BFB0D151338E7002378A0 /* scroll_btn@2x.png */ = {isa = PBXFileReference; lastKnownFileType = image.png; path = "scroll_btn@2x.png"; sourceTree = "<group>"; };
		FD8BFB0E151338E7002378A0 /* scroll_btn_iPad.png */ = {isa = PBXFileReference; lastKnownFileType = image.png; path = scroll_btn_iPad.png; sourceTree = "<group>"; };
		FD8BFB0F151338E7002378A0 /* SettingsMenu-iPad.xib */ = {isa = PBXFileReference; fileEncoding = 4; lastKnownFileType = file.xib; path = "SettingsMenu-iPad.xib"; sourceTree = "<group>"; };
		FD8BFB10151338E7002378A0 /* SettingsMenu-iPhone.xib */ = {isa = PBXFileReference; fileEncoding = 4; lastKnownFileType = file.xib; path = "SettingsMenu-iPhone.xib"; sourceTree = "<group>"; };
		FD8BFB11151338E7002378A0 /* SettingsMenu2-iPad.xib */ = {isa = PBXFileReference; fileEncoding = 4; lastKnownFileType = file.xib; path = "SettingsMenu2-iPad.xib"; sourceTree = "<group>"; };
		FD8BFB12151338E7002378A0 /* SettingsMenu2-iPhone.xib */ = {isa = PBXFileReference; fileEncoding = 4; lastKnownFileType = file.xib; path = "SettingsMenu2-iPhone.xib"; sourceTree = "<group>"; };
		FD8BFB17151338E7002378A0 /* TIPS_00_joypad.png */ = {isa = PBXFileReference; lastKnownFileType = image.png; path = TIPS_00_joypad.png; sourceTree = "<group>"; };
		FD8BFB18151338E7002378A0 /* TIPS_01_absolute_control.png */ = {isa = PBXFileReference; lastKnownFileType = image.png; path = TIPS_01_absolute_control.png; sourceTree = "<group>"; };
		FD8BFB19151338E7002378A0 /* TIPS_02_record.png */ = {isa = PBXFileReference; lastKnownFileType = image.png; path = TIPS_02_record.png; sourceTree = "<group>"; };
		FD8BFB1A151338E7002378A0 /* TIPS_03_usb.png */ = {isa = PBXFileReference; lastKnownFileType = image.png; path = TIPS_03_usb.png; sourceTree = "<group>"; };
		FD8BFB1B151338E7002378A0 /* TIPS_04_switch.png */ = {isa = PBXFileReference; lastKnownFileType = image.png; path = TIPS_04_switch.png; sourceTree = "<group>"; };
		FD8BFB1C151338E7002378A0 /* TIPS_05_landing.png */ = {isa = PBXFileReference; lastKnownFileType = image.png; path = TIPS_05_landing.png; sourceTree = "<group>"; };
		FD8BFB1D151338E7002378A0 /* TIPS_06_take_off.png */ = {isa = PBXFileReference; lastKnownFileType = image.png; path = TIPS_06_take_off.png; sourceTree = "<group>"; };
		FD8BFB1E151338E7002378A0 /* TIPS_07_emergency.png */ = {isa = PBXFileReference; lastKnownFileType = image.png; path = TIPS_07_emergency.png; sourceTree = "<group>"; };
		FD8BFB1F151338E7002378A0 /* TIPS_08_altitude.png */ = {isa = PBXFileReference; lastKnownFileType = image.png; path = TIPS_08_altitude.png; sourceTree = "<group>"; };
		FD8BFB20151338E7002378A0 /* TIPS_09_hovering.png */ = {isa = PBXFileReference; lastKnownFileType = image.png; path = TIPS_09_hovering.png; sourceTree = "<group>"; };
		FD8BFB21151338E7002378A0 /* TIPS_10_geolocation.png */ = {isa = PBXFileReference; lastKnownFileType = image.png; path = TIPS_10_geolocation.png; sourceTree = "<group>"; };
		FD8BFB22151338E7002378A0 /* TIPS_11_share.png */ = {isa = PBXFileReference; lastKnownFileType = image.png; path = TIPS_11_share.png; sourceTree = "<group>"; };
		FD8BFB23151338E7002378A0 /* TIPS_12_flip.png */ = {isa = PBXFileReference; lastKnownFileType = image.png; path = TIPS_12_flip.png; sourceTree = "<group>"; };
		FD8BFB24151338E7002378A0 /* zh-Hans */ = {isa = PBXFileReference; lastKnownFileType = text.plist.strings; name = "zh-Hans"; path = "zh-Hans.lproj/languages.strings"; sourceTree = "<group>"; };
		FDD71F26151344B100F17F7A /* en */ = {isa = PBXFileReference; lastKnownFileType = file.xib; name = en; path = en.lproj/HUD.xib; sourceTree = "<group>"; };
		FDD71F28151344C000F17F7A /* en */ = {isa = PBXFileReference; lastKnownFileType = file.xib; name = en; path = "en.lproj/HUD-iPad.xib"; sourceTree = "<group>"; };
		FDD71F2A151344E000F17F7A /* fr */ = {isa = PBXFileReference; lastKnownFileType = file.xib; name = fr; path = fr.lproj/HUD.xib; sourceTree = "<group>"; };
		FDD71F2B151347CA00F17F7A /* fr */ = {isa = PBXFileReference; lastKnownFileType = file.xib; name = fr; path = "fr.lproj/HUD-iPad.xib"; sourceTree = "<group>"; };
		FDD71F2C15134AC400F17F7A /* it */ = {isa = PBXFileReference; lastKnownFileType = file.xib; name = it; path = it.lproj/HUD.xib; sourceTree = "<group>"; };
		FDD71F2D15134ACE00F17F7A /* it */ = {isa = PBXFileReference; lastKnownFileType = file.xib; name = it; path = "it.lproj/HUD-iPad.xib"; sourceTree = "<group>"; };
		FDD71F2E15134E9400F17F7A /* de */ = {isa = PBXFileReference; lastKnownFileType = file.xib; name = de; path = de.lproj/HUD.xib; sourceTree = "<group>"; };
		FDD71F2F15134ED900F17F7A /* de */ = {isa = PBXFileReference; lastKnownFileType = file.xib; name = de; path = "de.lproj/HUD-iPad.xib"; sourceTree = "<group>"; };
		FDD71F301513542E00F17F7A /* es */ = {isa = PBXFileReference; lastKnownFileType = file.xib; name = es; path = es.lproj/HUD.xib; sourceTree = "<group>"; };
		FDD71F311513543600F17F7A /* es */ = {isa = PBXFileReference; lastKnownFileType = file.xib; name = es; path = "es.lproj/HUD-iPad.xib"; sourceTree = "<group>"; };
		FDD71F321513611700F17F7A /* ja */ = {isa = PBXFileReference; lastKnownFileType = file.xib; name = ja; path = ja.lproj/HUD.xib; sourceTree = "<group>"; };
		FDD71F331513611B00F17F7A /* ja */ = {isa = PBXFileReference; lastKnownFileType = file.xib; name = ja; path = "ja.lproj/HUD-iPad.xib"; sourceTree = "<group>"; };
		FDD71F341513654D00F17F7A /* nl */ = {isa = PBXFileReference; lastKnownFileType = file.xib; name = nl; path = nl.lproj/HUD.xib; sourceTree = "<group>"; };
		FDD71F351513655200F17F7A /* nl */ = {isa = PBXFileReference; lastKnownFileType = file.xib; name = nl; path = "nl.lproj/HUD-iPad.xib"; sourceTree = "<group>"; };
		FDD71F361513655800F17F7A /* pt */ = {isa = PBXFileReference; lastKnownFileType = file.xib; name = pt; path = pt.lproj/HUD.xib; sourceTree = "<group>"; };
		FDD71F371513655A00F17F7A /* zh-Hans */ = {isa = PBXFileReference; lastKnownFileType = file.xib; name = "zh-Hans"; path = "zh-Hans.lproj/HUD.xib"; sourceTree = "<group>"; };
		FDD71F381513656300F17F7A /* pt */ = {isa = PBXFileReference; lastKnownFileType = file.xib; name = pt; path = "pt.lproj/HUD-iPad.xib"; sourceTree = "<group>"; };
		FDD71F391513656500F17F7A /* zh-Hans */ = {isa = PBXFileReference; lastKnownFileType = file.xib; name = "zh-Hans"; path = "zh-Hans.lproj/HUD-iPad.xib"; sourceTree = "<group>"; };
/* End PBXFileReference section */

/* Begin PBXFrameworksBuildPhase section */
		68903F300EACBEA400D8A80C /* Frameworks */ = {
			isa = PBXFrameworksBuildPhase;
			buildActionMask = 2147483647;
			files = (
				8065A3EE13C61C4B003E3710 /* CoreVideo.framework in Frameworks */,
				8065A3E813C61BB0003E3710 /* CoreMedia.framework in Frameworks */,
				8065A3D413C5FFAB003E3710 /* AVFoundation.framework in Frameworks */,
				680C39401087202000C7D327 /* OpenGLES.framework in Frameworks */,
				680C39F41087203700C7D327 /* CoreGraphics.framework in Frameworks */,
				680C39F51087203700C7D327 /* AudioToolbox.framework in Frameworks */,
				680C39F61087203700C7D327 /* CoreAudio.framework in Frameworks */,
				680C39F71087203700C7D327 /* QuartzCore.framework in Frameworks */,
				680C39F81087203700C7D327 /* UIKit.framework in Frameworks */,
				680C39F91087203700C7D327 /* Foundation.framework in Frameworks */,
				8AB1CAE9122D1F2B009B965D /* CoreMotion.framework in Frameworks */,
				8A505180130D2E3600069A9C /* SystemConfiguration.framework in Frameworks */,
			);
			runOnlyForDeploymentPostprocessing = 0;
		};
/* End PBXFrameworksBuildPhase section */

/* Begin PBXGroup section */
		19C28FACFE9D520D11CA2CBB /* Products */ = {
			isa = PBXGroup;
			children = (
				680BC4C5109840DA00F941F4 /* libARDroneEngine.a */,
			);
			name = Products;
			sourceTree = "<group>";
		};
		29B97314FDCFA39411CA2CEA /* CustomTemplate */ = {
			isa = PBXGroup;
			children = (
				37CB76A114A0CE8A00496DF4 /* hardware_capabilites.c */,
				37CB76A214A0CE8A00496DF4 /* hardware_capabilites.h */,
				800F50EB1445DA8500B08B5A /* opengl_stage.h */,
				800F50EC1445DA8500B08B5A /* opengl_stage.c */,
				800F50E51445D4BB00B08B5A /* video_stage_io_file.h */,
				800F50E61445D4BB00B08B5A /* video_stage_io_file.c */,
				688C4856134A17D8003C4C94 /* wifi.c */,
				688C4857134A17D8003C4C94 /* wifi.h */,
				8A5D9BD8110473C600D4D1BC /* ControlData.h */,
				8A5D9BD9110473C600D4D1BC /* ControlData.c */,
				6871D83D115B5B0800CFEEC8 /* mobile_main.c */,
				6871D83E115B5B0800CFEEC8 /* mobile_main.h */,
				804D29E313FBF85800FEDD10 /* quicktime_encoder_stage.m */,
				804D29E213FBF85800FEDD10 /* quicktime_encoder_stage.h */,
				6871D836115B5AD900CFEEC8 /* Navdata */,
				68903F970EACC1ED00D8A80C /* ARDroneEngine */,
				FD8BFAB9151338E7002378A0 /* Ressources */,
				29B97323FDCFA39411CA2CEA /* Frameworks */,
				19C28FACFE9D520D11CA2CBB /* Products */,
			);
			name = CustomTemplate;
			sourceTree = "<group>";
		};
		29B97323FDCFA39411CA2CEA /* Frameworks */ = {
			isa = PBXGroup;
			children = (
				8065A3ED13C61C4B003E3710 /* CoreVideo.framework */,
				8065A3E713C61BB0003E3710 /* CoreMedia.framework */,
				8065A3D313C5FFAB003E3710 /* AVFoundation.framework */,
				8AB1CAE8122D1F2B009B965D /* CoreMotion.framework */,
				689B5A690FB9AD6C0095AB01 /* CoreGraphics.framework */,
				68704E230EADCF5900C45877 /* AudioToolbox.framework */,
				68704E240EADCF5900C45877 /* CoreAudio.framework */,
				28FD15070DC6FC5B0079059D /* QuartzCore.framework */,
				28FD14FF0DC6FC520079059D /* OpenGLES.framework */,
				1DF5F4DF0D08C38300B7A737 /* UIKit.framework */,
				1D30AB110D05D00D00671497 /* Foundation.framework */,
				8A50517F130D2E3600069A9C /* SystemConfiguration.framework */,
			);
			name = Frameworks;
			sourceTree = "<group>";
		};
		68607EEE10DB8D27009514CF /* Controllers */ = {
			isa = PBXGroup;
			children = (
				68607EF110DB8D27009514CF /* MainViewController.h */,
				68607EF210DB8D27009514CF /* MainViewController.m */,
			);
			name = Controllers;
			path = Classes/Controllers;
			sourceTree = "<group>";
		};
		6871D836115B5AD900CFEEC8 /* Navdata */ = {
			isa = PBXGroup;
			children = (
				6871D837115B5AD900CFEEC8 /* navdata.c */,
				6871D838115B5AD900CFEEC8 /* navdata.h */,
			);
			name = Navdata;
			path = Classes/Navdata;
			sourceTree = "<group>";
		};
		68738F8610C6C72C001F305B /* Menus */ = {
			isa = PBXGroup;
			children = (
				6873AACA10D1654E001F305B /* HUD.h */,
				6873AACB10D1654E001F305B /* HUD.m */,
				6873905F10C7B30F001F305B /* SettingsMenu.h */,
				6873905E10C7B30F001F305B /* SettingsMenu.m */,
			);
			name = Menus;
			path = Classes/Menus;
			sourceTree = "<group>";
		};
		68903F970EACC1ED00D8A80C /* ARDroneEngine */ = {
			isa = PBXGroup;
			children = (
				68B565051071F81E00752B1E /* Other sources */,
				6899BF211083391F00ED08CB /* Headers */,
				6890406F0EACC5F600D8A80C /* Classes */,
			);
			name = ARDroneEngine;
			sourceTree = "<group>";
		};
		6890406F0EACC5F600D8A80C /* Classes */ = {
			isa = PBXGroup;
			children = (
				804C6D721430D14100D4171C /* Player */,
				68E5677210E1173500EEB77F /* TVOut */,
				68607EEE10DB8D27009514CF /* Controllers */,
				68738F8610C6C72C001F305B /* Menus */,
				686A12ED10BBDE16003E176D /* InternalProtocols.h */,
				680BC46D10983EC800F941F4 /* ARDroneProtocols.h */,
				8A1298EA12521ECE0007A8C2 /* ARDroneGeneratedTypes.h */,
				80D7833914473515007952C1 /* ARDroneGeneratedCommandIn.h */,
				68F0AD8213A7A8A20011DE27 /* ARDroneFTP.h */,
				68F0ADBD13A7A9220011DE27 /* ARDroneFTP.m */,
				801C2A1614E5633A00DB84B2 /* ARDroneMediaManager.h */,
				801C2A1314E5633000DB84B2 /* ARDroneMediaManager.m */,
				2BD4219613B8C2020077C902 /* ARDroneAcademy.h */,
				80B0052D13B8AAB200687081 /* ARDroneAcademy.m */,
				8A774EA511A683B500F76B86 /* ARDroneTypes.h */,
				680BC46E10983EC800F941F4 /* ARDrone.h */,
				680C31331085BDB000C7D327 /* ARDrone.m */,
				80D69AC7149615D1005AD03C /* ARDroneMotionManager.h */,
				80D69AC5149615C5005AD03C /* ARDroneMotionManager.m */,
				37BC3F2514A344F0001A81E2 /* ARSlider.h */,
				37BC3F2614A344F0001A81E2 /* ARSlider.m */,
			);
			name = Classes;
			sourceTree = "<group>";
		};
		6899BF211083391F00ED08CB /* Headers */ = {
			isa = PBXGroup;
			children = (
				8A43A6DE134A0DE1002D2D0C /* ConstantsAndMacros.h */,
			);
			name = Headers;
			sourceTree = "<group>";
		};
		68B565051071F81E00752B1E /* Other sources */ = {
			isa = PBXGroup;
			children = (
				8ADE8E05138FC91B00337557 /* CopyLibraries.sh */,
				680BC4C6109840E300F941F4 /* ARDroneEngine_Prefix.pch */,
			);
			name = "Other sources";
			sourceTree = "<group>";
		};
		68E5677210E1173500EEB77F /* TVOut */ = {
			isa = PBXGroup;
			children = (
				68E5679210E1193400EEB77F /* TVOut.h */,
				68E5679310E1193400EEB77F /* TVOut.m */,
			);
			name = TVOut;
			sourceTree = "<group>";
		};
		804C6D721430D14100D4171C /* Player */ = {
			isa = PBXGroup;
			children = (
				2B2D0C31146815B500C02DF7 /* ARDronePlayerViewController.h */,
				2B920E5114614853008A2C71 /* ARDronePlayerViewController.m */,
			);
			name = Player;
			path = Classes/Player;
			sourceTree = "<group>";
		};
		FD8BFAB9151338E7002378A0 /* Ressources */ = {
			isa = PBXGroup;
			children = (
				80E1966915384719001F9E23 /* HelveticaNeue-CondensedBold.ttf */,
				FD8BFABC151338E7002378A0 /* Barre_Bas_iPAD.png */,
				FD8BFABD151338E7002378A0 /* Barre_Bas_RETINA.png */,
				FD8BFABE151338E7002378A0 /* Barre_Haut RETINA.png */,
				FD8BFABF151338E7002378A0 /* Barre_Haut_iPAD.png */,
				FD8BFAC1151338E7002378A0 /* Btn_Back_RETINA.png */,
				FD8BFAC2151338E7002378A0 /* Btn_Battery_0_RETINA.png */,
				FD8BFAC3151338E7002378A0 /* Btn_Battery_1_RETINA.png */,
				FD8BFAC4151338E7002378A0 /* Btn_Battery_2_RETINA.png */,
				FD8BFAC5151338E7002378A0 /* Btn_Battery_3_RETINA.png */,
				FD8BFAC6151338E7002378A0 /* Btn_Camera_RETINA.png */,
				FD8BFAC7151338E7002378A0 /* Btn_Emergency_RETINA.png */,
				FD8BFAC8151338E7002378A0 /* Btn_Landing_RETINA.png */,
				FD8BFAC9151338E7002378A0 /* Btn_Photo_RETINA.png */,
				FD8BFACA151338E7002378A0 /* Btn_Record_0_RETINA.png */,
				FD8BFACB151338E7002378A0 /* Btn_Record_1_RETINA.png */,
				FD8BFACC151338E7002378A0 /* Btn_Record_2_RETINA.png */,
				FD8BFACD151338E7002378A0 /* Btn_Settings_RETINA.png */,
				FD8BFACE151338E7002378A0 /* Btn_Take_Off_RETINA.png */,
				FD8BFACF151338E7002378A0 /* Btn_USB_RETINA.png */,
				FD8BFAD0151338E7002378A0 /* Btn_Wi-Fi_0_RETINA.png */,
				FD8BFAD1151338E7002378A0 /* Btn_Wi-Fi_1_RETINA.png */,
				FD8BFAD2151338E7002378A0 /* Btn_Wi-Fi_2_RETINA.png */,
				FD8BFAD3151338E7002378A0 /* Btn_Wi-Fi_3_RETINA.png */,
				FD8BFAD8151338E7002378A0 /* ff2.0_tips_bar.png */,
				FD8BFAE2151338E7002378A0 /* Joystick_Absolut_Control_iPAD.png */,
				FD8BFAE3151338E7002378A0 /* Joystick_Absolut_Control_RETINA.png */,
				FD8BFAE4151338E7002378A0 /* Joystick_Gyro_iPAD.png */,
				FD8BFAE5151338E7002378A0 /* Joystick_Gyro_RETINA.png */,
				FD8BFAE6151338E7002378A0 /* Joystick_Halo_iPAD.png */,
				FD8BFAE7151338E7002378A0 /* Joystick_Halo_RETINA.png */,
				FD8BFAE8151338E7002378A0 /* Joystick_Manuel_iPAD.png */,
				FD8BFAE9151338E7002378A0 /* Joystick_Manuel_RETINA.png */,
				FD8BFAEB151338E7002378A0 /* Picto_USB_actif.png */,
				FD8BFAEC151338E7002378A0 /* play_icon.png */,
				FD8BFABA151338E7002378A0 /* ARDronePlayerView-iPad.xib */,
				FD8BFABB151338E7002378A0 /* ARDronePlayerView.xib */,
				FDD71F29151344C000F17F7A /* HUD-iPad.xib */,
				FDD71F27151344B100F17F7A /* HUD.xib */,
				FD8BFB0F151338E7002378A0 /* SettingsMenu-iPad.xib */,
				FD8BFB10151338E7002378A0 /* SettingsMenu-iPhone.xib */,
				FD8BFB11151338E7002378A0 /* SettingsMenu2-iPad.xib */,
				FD8BFB12151338E7002378A0 /* SettingsMenu2-iPhone.xib */,
				FD8BFB28151339A2002378A0 /* HUD */,
				FD8BFAD4151338E7002378A0 /* languages.strings */,
				FD8BFAEF151338E7002378A0 /* Settings */,
				FD8BFB271513395A002378A0 /* Sounds */,
			);
			name = Ressources;
			path = Release/Ressources;
			sourceTree = "<group>";
		};
		FD8BFADC151338E7002378A0 /* Popup */ = {
			isa = PBXGroup;
			children = (
				FD8BFADD151338E7002378A0 /* Barre_Window.png */,
				FD8BFADE151338E7002378A0 /* Picto_Close_Window.png */,
				FD8BFADF151338E7002378A0 /* Picto_Warning.png */,
			);
			name = Popup;
			path = HUD_Popup;
			sourceTree = "<group>";
		};
		FD8BFAEF151338E7002378A0 /* Settings */ = {
			isa = PBXGroup;
			children = (
				FD8BFAF0151338E7002378A0 /* arrow_left_gray.png */,
				FD8BFAF1151338E7002378A0 /* arrow_left_gray@2x.png */,
				FD8BFAF2151338E7002378A0 /* arrow_left_orange.png */,
				FD8BFAF3151338E7002378A0 /* arrow_left_orange@2x.png */,
				FD8BFAF4151338E7002378A0 /* arrow_right_gray.png */,
				FD8BFAF5151338E7002378A0 /* arrow_right_gray@2x.png */,
				FD8BFAF6151338E7002378A0 /* arrow_right_orange.png */,
				FD8BFAF7151338E7002378A0 /* arrow_right_orange@2x.png */,
				FD8BFAF8151338E7002378A0 /* Back_Btn_Settings.png */,
				FD8BFAF9151338E7002378A0 /* btn_flat_trim_orange.png */,
				FD8BFAFA151338E7002378A0 /* btn_flat_trim_orange@2x.png */,
				FD8BFAFB151338E7002378A0 /* btn_flat_trim_white.png */,
				FD8BFAFC151338E7002378A0 /* btn_flat_trim_white@2x.png */,
				FD8BFAFD151338E7002378A0 /* Btn_OFF.png */,
				FD8BFAFE151338E7002378A0 /* Btn_ON.png */,
				FD8BFAFF151338E7002378A0 /* btn_reset_orange.png */,
				FD8BFB00151338E7002378A0 /* btn_reset_orange@2x.png */,
				FD8BFB01151338E7002378A0 /* btn_reset_white.png */,
				FD8BFB02151338E7002378A0 /* btn_reset_white@2x.png */,
				FD8BFB04151338E7002378A0 /* Horizontal_Bar.png */,
				FD8BFB05151338E7002378A0 /* Sliders */,
			);
			path = Settings;
			sourceTree = "<group>";
		};
		FD8BFB05151338E7002378A0 /* Sliders */ = {
			isa = PBXGroup;
			children = (
				FD8BFB06151338E7002378A0 /* scroll_bar_gray.png */,
				FD8BFB07151338E7002378A0 /* scroll_bar_gray@2x.png */,
				FD8BFB08151338E7002378A0 /* scroll_bar_gray_iPad.png */,
				FD8BFB09151338E7002378A0 /* scroll_bar_orange.png */,
				FD8BFB0A151338E7002378A0 /* scroll_bar_orange@2x.png */,
				FD8BFB0B151338E7002378A0 /* scroll_bar_orange_iPad.png */,
				FD8BFB0C151338E7002378A0 /* scroll_btn.png */,
				FD8BFB0D151338E7002378A0 /* scroll_btn@2x.png */,
				FD8BFB0E151338E7002378A0 /* scroll_btn_iPad.png */,
			);
			path = Sliders;
			sourceTree = "<group>";
		};
		FD8BFB16151338E7002378A0 /* TIPS */ = {
			isa = PBXGroup;
			children = (
				FD8BFB17151338E7002378A0 /* TIPS_00_joypad.png */,
				FD8BFB18151338E7002378A0 /* TIPS_01_absolute_control.png */,
				FD8BFB19151338E7002378A0 /* TIPS_02_record.png */,
				FD8BFB1A151338E7002378A0 /* TIPS_03_usb.png */,
				FD8BFB1B151338E7002378A0 /* TIPS_04_switch.png */,
				FD8BFB1C151338E7002378A0 /* TIPS_05_landing.png */,
				FD8BFB1D151338E7002378A0 /* TIPS_06_take_off.png */,
				FD8BFB1E151338E7002378A0 /* TIPS_07_emergency.png */,
				FD8BFB1F151338E7002378A0 /* TIPS_08_altitude.png */,
				FD8BFB20151338E7002378A0 /* TIPS_09_hovering.png */,
				FD8BFB21151338E7002378A0 /* TIPS_10_geolocation.png */,
				FD8BFB22151338E7002378A0 /* TIPS_11_share.png */,
				FD8BFB23151338E7002378A0 /* TIPS_12_flip.png */,
			);
			path = TIPS;
			sourceTree = "<group>";
		};
		FD8BFB271513395A002378A0 /* Sounds */ = {
			isa = PBXGroup;
			children = (
				FD8BFAC0151338E7002378A0 /* battery.wav */,
				FD8BFAED151338E7002378A0 /* plop.wav */,
			);
			name = Sounds;
			sourceTree = "<group>";
		};
		FD8BFB28151339A2002378A0 /* HUD */ = {
			isa = PBXGroup;
			children = (
				FD8BFADC151338E7002378A0 /* Popup */,
				FD8BFB16151338E7002378A0 /* TIPS */,
			);
			name = HUD;
			sourceTree = "<group>";
		};
/* End PBXGroup section */

/* Begin PBXHeadersBuildPhase section */
		68903F2E0EACBEA400D8A80C /* Headers */ = {
			isa = PBXHeadersBuildPhase;
			buildActionMask = 2147483647;
			files = (
				680BC46F10983EC800F941F4 /* ARDroneProtocols.h in Headers */,
				680BC47010983EC800F941F4 /* ARDrone.h in Headers */,
				680BC4C7109840E300F941F4 /* ARDroneEngine_Prefix.pch in Headers */,
				686A12EE10BBDE16003E176D /* InternalProtocols.h in Headers */,
				6873906110C7B30F001F305B /* SettingsMenu.h in Headers */,
				6873AACC10D1654E001F305B /* HUD.h in Headers */,
				68607EF510DB8D27009514CF /* MainViewController.h in Headers */,
				68E5679410E1193400EEB77F /* TVOut.h in Headers */,
				8A5D9BDA110473C600D4D1BC /* ControlData.h in Headers */,
				6871D83A115B5AD900CFEEC8 /* navdata.h in Headers */,
				6871D840115B5B0800CFEEC8 /* mobile_main.h in Headers */,
				8A774EA611A683B500F76B86 /* ARDroneTypes.h in Headers */,
				8A1298EB12521ECE0007A8C2 /* ARDroneGeneratedTypes.h in Headers */,
				8A43A6DF134A0DE1002D2D0C /* ConstantsAndMacros.h in Headers */,
				688C4859134A17D8003C4C94 /* wifi.h in Headers */,
				68F0AD8313A7A8A20011DE27 /* ARDroneFTP.h in Headers */,
				2BD4219713B8C2020077C902 /* ARDroneAcademy.h in Headers */,
				804D29E413FBF85800FEDD10 /* quicktime_encoder_stage.h in Headers */,
				800F50E91445D4BB00B08B5A /* video_stage_io_file.h in Headers */,
				800F50ED1445DA8500B08B5A /* opengl_stage.h in Headers */,
				80D7833A14473515007952C1 /* ARDroneGeneratedCommandIn.h in Headers */,
				2B2D0C32146815B500C02DF7 /* ARDronePlayerViewController.h in Headers */,
				80D69AC8149615D1005AD03C /* ARDroneMotionManager.h in Headers */,
				37CB76A414A0CE8A00496DF4 /* hardware_capabilites.h in Headers */,
				37BC3F2714A344F0001A81E2 /* ARSlider.h in Headers */,
				801C2A1714E5633A00DB84B2 /* ARDroneMediaManager.h in Headers */,
			);
			runOnlyForDeploymentPostprocessing = 0;
		};
/* End PBXHeadersBuildPhase section */

/* Begin PBXNativeTarget section */
		68903F310EACBEA400D8A80C /* ARDroneEngine */ = {
			isa = PBXNativeTarget;
			buildConfigurationList = 68903F350EACBEC200D8A80C /* Build configuration list for PBXNativeTarget "ARDroneEngine" */;
			buildPhases = (
				6871E1751160E86F00CFEEC8 /* CopyLibraries */,
				68903F2E0EACBEA400D8A80C /* Headers */,
				68903F2F0EACBEA400D8A80C /* Sources */,
				68903F300EACBEA400D8A80C /* Frameworks */,
				6871E05C1160B25D00CFEEC8 /* CopyFiles */,
			);
			buildRules = (
			);
			dependencies = (
			);
			name = ARDroneEngine;
			productName = MykonosLib;
			productReference = 680BC4C5109840DA00F941F4 /* libARDroneEngine.a */;
			productType = "com.apple.product-type.library.static";
		};
/* End PBXNativeTarget section */

/* Begin PBXProject section */
		29B97313FDCFA39411CA2CEA /* Project object */ = {
			isa = PBXProject;
			attributes = {
				LastUpgradeCheck = 0430;
			};
			buildConfigurationList = C01FCF4E08A954540054247B /* Build configuration list for PBXProject "ARDroneEngine" */;
			compatibilityVersion = "Xcode 3.2";
			developmentRegion = English;
			hasScannedForEncodings = 1;
			knownRegions = (
				English,
				Japanese,
				French,
				German,
				Italian,
				Spanish,
				en,
				fr,
				pt,
				de,
				ja,
				es,
				it,
				nl,
				"zh-Hans",
				ar,
			);
			mainGroup = 29B97314FDCFA39411CA2CEA /* CustomTemplate */;
			projectDirPath = "";
			projectRoot = "";
			targets = (
				68903F310EACBEA400D8A80C /* ARDroneEngine */,
			);
		};
/* End PBXProject section */

/* Begin PBXShellScriptBuildPhase section */
		6871E1751160E86F00CFEEC8 /* CopyLibraries */ = {
			isa = PBXShellScriptBuildPhase;
			buildActionMask = 2147483647;
			comments = "Compile ARDrone Library.\n";
			files = (
			);
			inputPaths = (
			);
			name = CopyLibraries;
			outputPaths = (
			);
			runOnlyForDeploymentPostprocessing = 0;
			shellPath = /bin/sh;
			shellScript = "./CopyLibraries.sh\n";
		};
/* End PBXShellScriptBuildPhase section */

/* Begin PBXSourcesBuildPhase section */
		68903F2F0EACBEA400D8A80C /* Sources */ = {
			isa = PBXSourcesBuildPhase;
			buildActionMask = 2147483647;
			files = (
				680C31351085BDB000C7D327 /* ARDrone.m in Sources */,
				6873906010C7B30F001F305B /* SettingsMenu.m in Sources */,
				6873AACD10D1654E001F305B /* HUD.m in Sources */,
				68607EF610DB8D27009514CF /* MainViewController.m in Sources */,
				68E5679510E1193400EEB77F /* TVOut.m in Sources */,
				8A5D9BDB110473C600D4D1BC /* ControlData.c in Sources */,
				6871D839115B5AD900CFEEC8 /* navdata.c in Sources */,
				6871D83F115B5B0800CFEEC8 /* mobile_main.c in Sources */,
				688C4858134A17D8003C4C94 /* wifi.c in Sources */,
				68F0ADBE13A7A9220011DE27 /* ARDroneFTP.m in Sources */,
				80B0052F13B8AAB200687081 /* ARDroneAcademy.m in Sources */,
				804D29E513FBF85800FEDD10 /* quicktime_encoder_stage.m in Sources */,
				800F50EA1445D4BB00B08B5A /* video_stage_io_file.c in Sources */,
				800F50EE1445DA8500B08B5A /* opengl_stage.c in Sources */,
				2B920E5414614853008A2C71 /* ARDronePlayerViewController.m in Sources */,
				80D69AC6149615C5005AD03C /* ARDroneMotionManager.m in Sources */,
				37CB76A314A0CE8A00496DF4 /* hardware_capabilites.c in Sources */,
				37BC3F2814A344F0001A81E2 /* ARSlider.m in Sources */,
				801C2A1414E5633000DB84B2 /* ARDroneMediaManager.m in Sources */,
			);
			runOnlyForDeploymentPostprocessing = 0;
		};
/* End PBXSourcesBuildPhase section */

/* Begin PBXVariantGroup section */
		FD8BFAD4151338E7002378A0 /* languages.strings */ = {
			isa = PBXVariantGroup;
			children = (
				FD8BFAD5151338E7002378A0 /* de */,
				FD8BFAD6151338E7002378A0 /* en */,
				FD8BFAD7151338E7002378A0 /* es */,
				FD8BFAD9151338E7002378A0 /* fr */,
				FD8BFAE0151338E7002378A0 /* it */,
				FD8BFAE1151338E7002378A0 /* ja */,
				FD8BFAEA151338E7002378A0 /* nl */,
				FD8BFAEE151338E7002378A0 /* pt */,
				FD8BFB24151338E7002378A0 /* zh-Hans */,
			);
			name = languages.strings;
			sourceTree = "<group>";
		};
		FDD71F27151344B100F17F7A /* HUD.xib */ = {
			isa = PBXVariantGroup;
			children = (
				FDD71F26151344B100F17F7A /* en */,
				FDD71F2A151344E000F17F7A /* fr */,
				FDD71F2C15134AC400F17F7A /* it */,
				FDD71F2E15134E9400F17F7A /* de */,
				FDD71F301513542E00F17F7A /* es */,
				FDD71F321513611700F17F7A /* ja */,
				FDD71F341513654D00F17F7A /* nl */,
				FDD71F361513655800F17F7A /* pt */,
				FDD71F371513655A00F17F7A /* zh-Hans */,
			);
			name = HUD.xib;
			sourceTree = "<group>";
		};
		FDD71F29151344C000F17F7A /* HUD-iPad.xib */ = {
			isa = PBXVariantGroup;
			children = (
				FDD71F28151344C000F17F7A /* en */,
				FDD71F2B151347CA00F17F7A /* fr */,
				FDD71F2D15134ACE00F17F7A /* it */,
				FDD71F2F15134ED900F17F7A /* de */,
				FDD71F311513543600F17F7A /* es */,
				FDD71F331513611B00F17F7A /* ja */,
				FDD71F351513655200F17F7A /* nl */,
				FDD71F381513656300F17F7A /* pt */,
				FDD71F391513656500F17F7A /* zh-Hans */,
			);
			name = "HUD-iPad.xib";
			sourceTree = "<group>";
		};
/* End PBXVariantGroup section */

/* Begin XCBuildConfiguration section */
		687B4E1C0F1666410094D61F /* Debug */ = {
			isa = XCBuildConfiguration;
			buildSettings = {
				ARCHS = "$(ARCHS_STANDARD_32_BIT)";
				CODE_SIGN_IDENTITY = "iPhone Developer";
				"CODE_SIGN_IDENTITY[sdk=iphoneos*]" = "iPhone Developer: Mykonos Lefebure (YY39MVZ7NL)";
				CONFIGURATION_TEMP_DIR = "$(PROJECT_TEMP_DIR)/$(CONFIGURATION)";
				GCC_C_LANGUAGE_STANDARD = gnu99;
				GCC_PREPROCESSOR_DEFINITIONS = __linux__;
				GCC_THUMB_SUPPORT = NO;
				GCC_VERSION = com.apple.compilers.llvmgcc42;
				GCC_WARN_ABOUT_RETURN_TYPE = YES;
				GCC_WARN_UNUSED_VARIABLE = YES;
				HEADER_SEARCH_PATHS = "";
				IPHONEOS_DEPLOYMENT_TARGET = 5.0;
				ONLY_ACTIVE_ARCH = NO;
				OTHER_LDFLAGS = "";
				PRODUCT_NAME = "";
				PROVISIONING_PROFILE = "";
				SDKROOT = iphoneos;
				SUPPORTED_PLATFORMS = "iphoneos iphonesimulator";
			};
			name = Debug;
		};
		687B4E1E0F1666410094D61F /* Debug */ = {
			isa = XCBuildConfiguration;
			buildSettings = {
				ALWAYS_SEARCH_USER_PATHS = YES;
				CODE_SIGN_IDENTITY = "iPhone Developer";
				"CODE_SIGN_IDENTITY[sdk=iphoneos*]" = "iPhone Developer";
				CONFIGURATION_BUILD_DIR = "$(CONFIGURATION)";
				CONFIGURATION_TEMP_DIR = "$(PROJECT_TEMP_DIR)/$(CONFIGURATION)";
				COPY_PHASE_STRIP = NO;
				GCC_DYNAMIC_NO_PIC = NO;
				GCC_OPTIMIZATION_LEVEL = 0;
				GCC_PREPROCESSOR_DEFINITIONS = (
					__linux__,
					FFMPEG_SUPPORT,
				);
				GCC_THUMB_SUPPORT = NO;
				GCC_VERSION = com.apple.compilers.llvmgcc42;
				GENERATE_PROFILING_CODE = NO;
				HEADER_SEARCH_PATHS = (
					../../ARDroneLib,
					../../ARDroneLib/Soft/Common,
					../../ARDroneLib/Soft/Lib,
					../../ARDroneLib/VLIB,
					../../ARDroneLib/VLIB/Platform/arm11,
					../../ARDroneLib/VP_SDK,
					../../ARDroneLib/VP_SDK/VP_Com,
					../../ARDroneLib/VP_SDK/VP_Os,
					../../ARDroneLib/VP_SDK/VP_Os/linux,
					../../ARDroneLib/VP_SDK/VP_Com/linux,
					../../ARDroneLib/FFMPEG/Includes,
					../../ARDroneLib/ITTIAM/avc_decoder/includes,
					../../ARDroneLib/ITTIAM/m4v_decoder/includes,
				);
				INFOPLIST_EXPAND_BUILD_SETTINGS = NO;
				INFOPLIST_FILE = "";
				INFOPLIST_PREPROCESS = NO;
				IPHONEOS_DEPLOYMENT_TARGET = 5.0;
				LD_OPENMP_FLAGS = "-fopenmp";
				LIBRARY_SEARCH_PATHS = (
					"$(TARGET_BUILD_DIR)",
					"\"$(SRCROOT)/../../ARDroneLib/ITTIAM/avc_decoder/libs\"",
					"\"$(SRCROOT)/../../ARDroneLib/ITTIAM/m4v_decoder/libs\"",
					"\"$(SRCROOT)/../../ARDroneLib/Soft/Build/targets_versions/vlib_PROD_MODE_armv7_iphoneos_DeveloperPlatformsiPhoneOS.platformDeveloperusrbingcc_4.2.1\"",
					"\"$(SRCROOT)/../../ARDroneLib/Soft/Build/targets_versions/vlib_PROD_MODE_armv6_iphoneos_DeveloperPlatformsiPhoneOS.platformDeveloperusrbingcc_4.2.1\"",
					"\"$(SRCROOT)/../../ARDroneLib/Soft/Build/targets_versions/ffmpeg_static_PROD_MODE_Linux_2.6.35-31-generic_GNU_Linux_usrbingcc_4.4.5\"",
					"\"$(SRCROOT)/../../ARDroneLib/Soft/Build/targets_versions/ffmpeg_i686_PROD_MODE_Linux_2.6.35-30-generic_GNU_Linux_usrbingcc_4.4.5\"",
					"\"$(SRCROOT)/../../ARDroneLib/Soft/Build/targets_versions/sdk_PROD_MODE_vlib_armv7_iphoneos_DeveloperPlatformsiPhoneOS.platformDeveloperusrbingcc_4.2.1\"",
					"\"$(SRCROOT)/../../ARDroneLib/Soft/Build/targets_versions/ardrone_lib_PROD_MODE_vlib_Linux_2.6.35-31-generic_GNU_Linux_usrbingcc_4.4.5\"",
					"\"$(SRCROOT)/../../ARDroneLib/Soft/Build/targets_versions/ardrone_lib_PROD_MODE_vlib_armv7_iphoneos_DeveloperPlatformsiPhoneOS.platformDeveloperusrbingcc_4.2.1\"",
					"\"$(SRCROOT)/../../ARDroneLib/Soft/Build/targets_versions/ardrone_lib_PROD_MODE_vlib_armv6_iphoneos_DeveloperPlatformsiPhoneOS.platformDeveloperusrbingcc_4.2.1\"",
					"\"$(SRCROOT)/../../ARDroneLib/Soft/Build/targets_versions/ffmpeg_i686_PROD_MODE_Linux_2.6.35-31-generic_GNU_Linux_usrbingcc_4.4.5\"",
					"\"$(SRCROOT)/../../ARDroneLib/Soft/Build/targets_versions/vlib_PROD_MODE_Linux_2.6.35-31-generic_GNU_Linux_usrbingcc_4.4.5\"",
					"\"$(SRCROOT)/../../ARDroneLib/Soft/Build/targets_versions/sdk_PROD_MODE_vlib_Linux_2.6.35-31-generic_GNU_Linux_usrbingcc_4.4.5\"",
					"\"$(SRCROOT)/../../ARDroneLib/Soft/Build/targets_versions/sdk_PROD_MODE_vlib_armv6_iphoneos_DeveloperPlatformsiPhoneOS.platformDeveloperusrbingcc_4.2.1\"",
					"\"$(SRCROOT)/../../ARDroneLib/Soft/Build/targets_versions/ffmpeg_static_PROD_MODE_Linux_2.6.35-30-generic_GNU_Linux_usrbingcc_4.4.5\"",
					"\"$(SRCROOT)/../../Examples/iPhone/FreeFlight/Release\"",
					"\"$(SRCROOT)/../../Examples/Android/adfreeflight/libs/armeabi\"",
					"\"$(SRCROOT)/Release\"",
					"\"$(SRCROOT)/build/ARDroneEngine.build/Release/ARDroneEngine.build/Objects-normal/armv6\"",
					"\"$(SRCROOT)/build/ARDroneEngine.build/Release/ARDroneEngine.build/Objects-normal/armv7\"",
					"\"$(SRCROOT)/Debug\"",
				);
				ONLY_ACTIVE_ARCH = NO;
				OTHER_CFLAGS = "-fms-extensions";
				OTHER_LDFLAGS = (
					"-lpc_ardrone",
					"-lsdk",
					"-lvlib",
					"-lswscale",
					"-lavcodec",
					"-lavutil",
					"-lavdevice",
					"-lavformat",
					"-lavfilter",
				);
				PRELINK_LIBS = "";
				PRODUCT_NAME = ARDroneEngine;
				PROVISIONING_PROFILE = "";
				"PROVISIONING_PROFILE[sdk=iphoneos*]" = "";
				SDKROOT = iphoneos;
				VALID_ARCHS = "armv7 i386";
			};
			name = Debug;
		};
		687B4E1F0F1666610094D61F /* Release */ = {
			isa = XCBuildConfiguration;
			buildSettings = {
				ARCHS = "$(ARCHS_STANDARD_32_BIT)";
				CODE_SIGN_IDENTITY = "iPhone Developer";
				"CODE_SIGN_IDENTITY[sdk=iphoneos*]" = "iPhone Developer: Mykonos Lefebure (YY39MVZ7NL)";
				CONFIGURATION_TEMP_DIR = "$(PROJECT_TEMP_DIR)/$(CONFIGURATION)";
				GCC_C_LANGUAGE_STANDARD = gnu99;
				GCC_PREPROCESSOR_DEFINITIONS = __linux__;
				GCC_THUMB_SUPPORT = NO;
				GCC_VERSION = com.apple.compilers.llvmgcc42;
				GCC_WARN_ABOUT_RETURN_TYPE = YES;
				GCC_WARN_UNUSED_VARIABLE = YES;
				HEADER_SEARCH_PATHS = "";
				IPHONEOS_DEPLOYMENT_TARGET = 5.0;
				LIBRARY_SEARCH_PATHS = "";
				ONLY_ACTIVE_ARCH = NO;
				OTHER_LDFLAGS = "";
				PRODUCT_NAME = "";
				PROVISIONING_PROFILE = "";
				SDKROOT = iphoneos;
				SUPPORTED_PLATFORMS = "iphoneos iphonesimulator";
			};
			name = Release;
		};
		687B4E210F1666610094D61F /* Release */ = {
			isa = XCBuildConfiguration;
			buildSettings = {
				ALWAYS_SEARCH_USER_PATHS = YES;
				CODE_SIGN_IDENTITY = "iPhone Developer";
				"CODE_SIGN_IDENTITY[sdk=iphoneos*]" = "iPhone Developer";
				CONFIGURATION_BUILD_DIR = Release;
				CONFIGURATION_TEMP_DIR = "$(PROJECT_TEMP_DIR)/$(CONFIGURATION)";
				COPY_PHASE_STRIP = YES;
				FRAMEWORK_SEARCH_PATHS = "";
				GCC_AUTO_VECTORIZATION = YES;
				GCC_DYNAMIC_NO_PIC = NO;
				GCC_GENERATE_DEBUGGING_SYMBOLS = YES;
				GCC_LINK_WITH_DYNAMIC_LIBRARIES = YES;
				GCC_OPTIMIZATION_LEVEL = s;
				GCC_PREPROCESSOR_DEFINITIONS = (
					__linux__,
					FFMPEG_SUPPORT,
				);
				GCC_THUMB_SUPPORT = NO;
				GCC_VERSION = com.apple.compilers.llvmgcc42;
				GENERATE_MASTER_OBJECT_FILE = NO;
				GENERATE_PROFILING_CODE = YES;
				HEADER_SEARCH_PATHS = (
					../../ARDroneLib,
					../../ARDroneLib/Soft/Common,
					../../ARDroneLib/Soft/Lib,
					../../ARDroneLib/VLIB,
					../../ARDroneLib/VLIB/Platform/arm11,
					../../ARDroneLib/VP_SDK,
					../../ARDroneLib/VP_SDK/VP_Com,
					../../ARDroneLib/VP_SDK/VP_Os,
					../../ARDroneLib/VP_SDK/VP_Os/linux,
					../../ARDroneLib/VP_SDK/VP_Com/linux,
					../../ARDroneLib/FFMPEG/Includes,
					../../ARDroneLib/ITTIAM/avc_decoder/includes,
					../../ARDroneLib/ITTIAM/m4v_decoder/includes,
				);
				INFOPLIST_EXPAND_BUILD_SETTINGS = NO;
				INFOPLIST_FILE = "";
				INFOPLIST_PREPROCESS = NO;
				IPHONEOS_DEPLOYMENT_TARGET = 5.0;
				KEEP_PRIVATE_EXTERNS = NO;
				LD_OPENMP_FLAGS = "-fopenmp";
				LIBRARY_SEARCH_PATHS = (
					"$(TARGET_BUILD_DIR)",
					"\"$(SRCROOT)/../../ARDroneLib/ITTIAM/avc_decoder/libs\"",
					"\"$(SRCROOT)/../../ARDroneLib/ITTIAM/m4v_decoder/libs\"",
					"\"$(SRCROOT)/../../ARDroneLib/Soft/Build/targets_versions/vlib_PROD_MODE_armv7_iphoneos_DeveloperPlatformsiPhoneOS.platformDeveloperusrbingcc_4.2.1\"",
					"\"$(SRCROOT)/../../ARDroneLib/Soft/Build/targets_versions/vlib_PROD_MODE_armv6_iphoneos_DeveloperPlatformsiPhoneOS.platformDeveloperusrbingcc_4.2.1\"",
					"\"$(SRCROOT)/../../ARDroneLib/Soft/Build/targets_versions/ffmpeg_static_PROD_MODE_Linux_2.6.35-31-generic_GNU_Linux_usrbingcc_4.4.5\"",
					"\"$(SRCROOT)/../../ARDroneLib/Soft/Build/targets_versions/ffmpeg_i686_PROD_MODE_Linux_2.6.35-30-generic_GNU_Linux_usrbingcc_4.4.5\"",
					"\"$(SRCROOT)/../../ARDroneLib/Soft/Build/targets_versions/sdk_PROD_MODE_vlib_armv7_iphoneos_DeveloperPlatformsiPhoneOS.platformDeveloperusrbingcc_4.2.1\"",
					"\"$(SRCROOT)/../../ARDroneLib/Soft/Build/targets_versions/ardrone_lib_PROD_MODE_vlib_Linux_2.6.35-31-generic_GNU_Linux_usrbingcc_4.4.5\"",
					"\"$(SRCROOT)/../../ARDroneLib/Soft/Build/targets_versions/ardrone_lib_PROD_MODE_vlib_armv7_iphoneos_DeveloperPlatformsiPhoneOS.platformDeveloperusrbingcc_4.2.1\"",
					"\"$(SRCROOT)/../../ARDroneLib/Soft/Build/targets_versions/ardrone_lib_PROD_MODE_vlib_armv6_iphoneos_DeveloperPlatformsiPhoneOS.platformDeveloperusrbingcc_4.2.1\"",
					"\"$(SRCROOT)/../../ARDroneLib/Soft/Build/targets_versions/ffmpeg_i686_PROD_MODE_Linux_2.6.35-31-generic_GNU_Linux_usrbingcc_4.4.5\"",
					"\"$(SRCROOT)/../../ARDroneLib/Soft/Build/targets_versions/vlib_PROD_MODE_Linux_2.6.35-31-generic_GNU_Linux_usrbingcc_4.4.5\"",
					"\"$(SRCROOT)/../../ARDroneLib/Soft/Build/targets_versions/sdk_PROD_MODE_vlib_Linux_2.6.35-31-generic_GNU_Linux_usrbingcc_4.4.5\"",
					"\"$(SRCROOT)/../../ARDroneLib/Soft/Build/targets_versions/sdk_PROD_MODE_vlib_armv6_iphoneos_DeveloperPlatformsiPhoneOS.platformDeveloperusrbingcc_4.2.1\"",
					"\"$(SRCROOT)/../../ARDroneLib/Soft/Build/targets_versions/ffmpeg_static_PROD_MODE_Linux_2.6.35-30-generic_GNU_Linux_usrbingcc_4.4.5\"",
					"\"$(SRCROOT)/../../Examples/iPhone/FreeFlight/Release\"",
					"\"$(SRCROOT)/../../Examples/Android/adfreeflight/libs/armeabi\"",
					"\"$(SRCROOT)/Release\"",
					"\"$(SRCROOT)/build/ARDroneEngine.build/Release/ARDroneEngine.build/Objects-normal/armv6\"",
					"\"$(SRCROOT)/build/ARDroneEngine.build/Release/ARDroneEngine.build/Objects-normal/armv7\"",
					"\"$(SRCROOT)/Debug\"",
				);
				LINK_WITH_STANDARD_LIBRARIES = YES;
				ONLY_ACTIVE_ARCH = NO;
				OTHER_CFLAGS = "-fms-extensions";
				OTHER_LDFLAGS = (
					"-lpc_ardrone",
					"-lsdk",
					"-lvlib",
					"-lswscale",
					"-lavcodec",
					"-lavutil",
					"-lavdevice",
					"-lavformat",
					"-lavfilter",
				);
				PRELINK_LIBS = "";
				PRODUCT_NAME = ARDroneEngine;
				PROVISIONING_PROFILE = "";
				"PROVISIONING_PROFILE[sdk=iphoneos*]" = "";
				SDKROOT = iphoneos;
				SUPPORTED_PLATFORMS = "iphoneos iphonesimulator";
				USER_HEADER_SEARCH_PATHS = "";
				VALID_ARCHS = "armv7 i386";
			};
			name = Release;
		};
		80B997FC15176C34008F760A /* Distribution */ = {
			isa = XCBuildConfiguration;
			buildSettings = {
				ARCHS = "$(ARCHS_STANDARD_32_BIT)";
				CODE_SIGN_IDENTITY = "iPhone Developer";
				"CODE_SIGN_IDENTITY[sdk=iphoneos*]" = "iPhone Developer: Mykonos Lefebure (YY39MVZ7NL)";
				CONFIGURATION_TEMP_DIR = "$(PROJECT_TEMP_DIR)/$(CONFIGURATION)";
				GCC_C_LANGUAGE_STANDARD = gnu99;
				GCC_PREPROCESSOR_DEFINITIONS = __linux__;
				GCC_THUMB_SUPPORT = NO;
				GCC_VERSION = com.apple.compilers.llvmgcc42;
				GCC_WARN_ABOUT_RETURN_TYPE = YES;
				GCC_WARN_UNUSED_VARIABLE = YES;
				HEADER_SEARCH_PATHS = "";
				IPHONEOS_DEPLOYMENT_TARGET = 5.0;
				LIBRARY_SEARCH_PATHS = "";
				ONLY_ACTIVE_ARCH = NO;
				OTHER_LDFLAGS = "";
				PRODUCT_NAME = "";
				PROVISIONING_PROFILE = "";
				SDKROOT = iphoneos;
				SUPPORTED_PLATFORMS = "iphoneos iphonesimulator";
			};
			name = Distribution;
		};
		80B997FD15176C34008F760A /* Distribution */ = {
			isa = XCBuildConfiguration;
			buildSettings = {
				ALWAYS_SEARCH_USER_PATHS = YES;
				CODE_SIGN_IDENTITY = "iPhone Distribution";
				"CODE_SIGN_IDENTITY[sdk=iphoneos*]" = "iPhone Distribution";
				CONFIGURATION_BUILD_DIR = Release;
				CONFIGURATION_TEMP_DIR = "$(PROJECT_TEMP_DIR)/$(CONFIGURATION)";
				COPY_PHASE_STRIP = YES;
				FRAMEWORK_SEARCH_PATHS = "";
				GCC_AUTO_VECTORIZATION = YES;
				GCC_DYNAMIC_NO_PIC = NO;
				GCC_GENERATE_DEBUGGING_SYMBOLS = YES;
				GCC_LINK_WITH_DYNAMIC_LIBRARIES = YES;
				GCC_OPTIMIZATION_LEVEL = s;
				GCC_PREPROCESSOR_DEFINITIONS = (
					__linux__,
					FFMPEG_SUPPORT,
				);
				GCC_THUMB_SUPPORT = NO;
				GCC_VERSION = com.apple.compilers.llvmgcc42;
				GENERATE_MASTER_OBJECT_FILE = NO;
				GENERATE_PROFILING_CODE = YES;
				HEADER_SEARCH_PATHS = (
					../../ARDroneLib,
					../../ARDroneLib/Soft/Common,
					../../ARDroneLib/Soft/Lib,
					../../ARDroneLib/VLIB,
					../../ARDroneLib/VLIB/Platform/arm11,
					../../ARDroneLib/VP_SDK,
					../../ARDroneLib/VP_SDK/VP_Com,
					../../ARDroneLib/VP_SDK/VP_Os,
					../../ARDroneLib/VP_SDK/VP_Os/linux,
					../../ARDroneLib/VP_SDK/VP_Com/linux,
					../../ARDroneLib/FFMPEG/Includes,
					../../ARDroneLib/ITTIAM/avc_decoder/includes,
					../../ARDroneLib/ITTIAM/m4v_decoder/includes,
				);
				INFOPLIST_EXPAND_BUILD_SETTINGS = NO;
				INFOPLIST_FILE = "";
				INFOPLIST_PREPROCESS = NO;
				IPHONEOS_DEPLOYMENT_TARGET = 5.0;
				KEEP_PRIVATE_EXTERNS = NO;
				LD_OPENMP_FLAGS = "-fopenmp";
				LIBRARY_SEARCH_PATHS = (
					"$(TARGET_BUILD_DIR)",
					"\"$(SRCROOT)/../../ARDroneLib/ITTIAM/avc_decoder/libs\"",
					"\"$(SRCROOT)/../../ARDroneLib/ITTIAM/m4v_decoder/libs\"",
					"\"$(SRCROOT)/../../ARDroneLib/Soft/Build/targets_versions/vlib_PROD_MODE_armv7_iphoneos_DeveloperPlatformsiPhoneOS.platformDeveloperusrbingcc_4.2.1\"",
					"\"$(SRCROOT)/../../ARDroneLib/Soft/Build/targets_versions/vlib_PROD_MODE_armv6_iphoneos_DeveloperPlatformsiPhoneOS.platformDeveloperusrbingcc_4.2.1\"",
					"\"$(SRCROOT)/../../ARDroneLib/Soft/Build/targets_versions/ffmpeg_static_PROD_MODE_Linux_2.6.35-31-generic_GNU_Linux_usrbingcc_4.4.5\"",
					"\"$(SRCROOT)/../../ARDroneLib/Soft/Build/targets_versions/ffmpeg_i686_PROD_MODE_Linux_2.6.35-30-generic_GNU_Linux_usrbingcc_4.4.5\"",
					"\"$(SRCROOT)/../../ARDroneLib/Soft/Build/targets_versions/sdk_PROD_MODE_vlib_armv7_iphoneos_DeveloperPlatformsiPhoneOS.platformDeveloperusrbingcc_4.2.1\"",
					"\"$(SRCROOT)/../../ARDroneLib/Soft/Build/targets_versions/ardrone_lib_PROD_MODE_vlib_Linux_2.6.35-31-generic_GNU_Linux_usrbingcc_4.4.5\"",
					"\"$(SRCROOT)/../../ARDroneLib/Soft/Build/targets_versions/ardrone_lib_PROD_MODE_vlib_armv7_iphoneos_DeveloperPlatformsiPhoneOS.platformDeveloperusrbingcc_4.2.1\"",
					"\"$(SRCROOT)/../../ARDroneLib/Soft/Build/targets_versions/ardrone_lib_PROD_MODE_vlib_armv6_iphoneos_DeveloperPlatformsiPhoneOS.platformDeveloperusrbingcc_4.2.1\"",
					"\"$(SRCROOT)/../../ARDroneLib/Soft/Build/targets_versions/ffmpeg_i686_PROD_MODE_Linux_2.6.35-31-generic_GNU_Linux_usrbingcc_4.4.5\"",
					"\"$(SRCROOT)/../../ARDroneLib/Soft/Build/targets_versions/vlib_PROD_MODE_Linux_2.6.35-31-generic_GNU_Linux_usrbingcc_4.4.5\"",
					"\"$(SRCROOT)/../../ARDroneLib/Soft/Build/targets_versions/sdk_PROD_MODE_vlib_Linux_2.6.35-31-generic_GNU_Linux_usrbingcc_4.4.5\"",
					"\"$(SRCROOT)/../../ARDroneLib/Soft/Build/targets_versions/sdk_PROD_MODE_vlib_armv6_iphoneos_DeveloperPlatformsiPhoneOS.platformDeveloperusrbingcc_4.2.1\"",
					"\"$(SRCROOT)/../../ARDroneLib/Soft/Build/targets_versions/ffmpeg_static_PROD_MODE_Linux_2.6.35-30-generic_GNU_Linux_usrbingcc_4.4.5\"",
					"\"$(SRCROOT)/../../Examples/iPhone/FreeFlight/Release\"",
					"\"$(SRCROOT)/../../Examples/Android/adfreeflight/libs/armeabi\"",
					"\"$(SRCROOT)/Release\"",
					"\"$(SRCROOT)/build/ARDroneEngine.build/Release/ARDroneEngine.build/Objects-normal/armv6\"",
					"\"$(SRCROOT)/build/ARDroneEngine.build/Release/ARDroneEngine.build/Objects-normal/armv7\"",
					"\"$(SRCROOT)/Debug\"",
				);
				LINK_WITH_STANDARD_LIBRARIES = YES;
				ONLY_ACTIVE_ARCH = NO;
				OTHER_CFLAGS = "-fms-extensions";
				OTHER_LDFLAGS = (
					"-lpc_ardrone",
					"-lsdk",
					"-lvlib",
					"-lswscale",
					"-lavcodec",
					"-lavutil",
					"-lavdevice",
					"-lavformat",
					"-lavfilter",
				);
				PRELINK_LIBS = "";
				PRODUCT_NAME = ARDroneEngine;
				PROVISIONING_PROFILE = "";
				"PROVISIONING_PROFILE[sdk=iphoneos*]" = "";
				SDKROOT = iphoneos;
				SUPPORTED_PLATFORMS = "iphoneos iphonesimulator";
				USER_HEADER_SEARCH_PATHS = "";
				VALID_ARCHS = "armv7 i386";
			};
			name = Distribution;
		};
/* End XCBuildConfiguration section */

/* Begin XCConfigurationList section */
		68903F350EACBEC200D8A80C /* Build configuration list for PBXNativeTarget "ARDroneEngine" */ = {
			isa = XCConfigurationList;
			buildConfigurations = (
				687B4E1E0F1666410094D61F /* Debug */,
				687B4E210F1666610094D61F /* Release */,
				80B997FD15176C34008F760A /* Distribution */,
			);
			defaultConfigurationIsVisible = 0;
			defaultConfigurationName = Debug;
		};
		C01FCF4E08A954540054247B /* Build configuration list for PBXProject "ARDroneEngine" */ = {
			isa = XCConfigurationList;
			buildConfigurations = (
				687B4E1C0F1666410094D61F /* Debug */,
				687B4E1F0F1666610094D61F /* Release */,
				80B997FC15176C34008F760A /* Distribution */,
			);
			defaultConfigurationIsVisible = 0;
			defaultConfigurationName = Debug;
		};
/* End XCConfigurationList section */
	};
	rootObject = 29B97313FDCFA39411CA2CEA /* Project object */;
}
